PODS:
  - Alamofire (4.8.1)
  - Differentiator (3.1.0)
  - ObjectMapper (3.4.2)
  - RxAlamofire (4.3.0):
    - RxAlamofire/Core (= 4.3.0)
  - RxAlamofire/Core (4.3.0):
    - Alamofire (~> 4.5)
    - RxSwift (~> 4)
  - RxAtomic (4.4.1)
  - RxCocoa (4.4.1):
    - RxSwift (~> 4.0)
  - RxDataSources (3.1.0):
    - Differentiator (~> 3.0)
    - RxCocoa (~> 4.0)
    - RxSwift (~> 4.0)
  - RxSwift (4.4.1):
    - RxAtomic (~> 4.4)

DEPENDENCIES:
  - ObjectMapper
  - RxAlamofire
  - RxCocoa
  - RxDataSources
  - RxSwift

SPEC REPOS:
  https://github.com/cocoapods/specs.git:
    - Alamofire
    - Differentiator
    - ObjectMapper
    - RxAlamofire
    - RxAtomic
    - RxCocoa
    - RxDataSources
    - RxSwift

SPEC CHECKSUMS:
  Alamofire: 16ce2c353fb72865124ddae8a57c5942388f4f11
  Differentiator: be49ca3408f0ecfc761e4c7763d20c62be01b9ad
  ObjectMapper: 0d4402610f4e468903ae64629eec4784531e5c51
  RxAlamofire: 09624d0f2d48ed8b686e4eb4cf68e28cbd2df556
  RxAtomic: f8d6adc1ccb87a767811269e4875887bc74dbf19
  RxCocoa: 2f35a76bf8887872e28a1914112395b11b8e0e64
  RxDataSources: a843bad90c29817f5923ec8163f4af2de084ceb3
  RxSwift: 92fcf68dfef21f3e2ab1965363d9e7b3d787597e

PODFILE CHECKSUM: 63b4e062ac952a13a3f8eda1ae8f3d6b56c51d0b

COCOAPODS: 1.5.3
