// !$*UTF8*$!
{
	archiveVersion = 1;
	classes = {
	};
	objectVersion = 50;
	objects = {

/* Begin PBXBuildFile section */
		6528CD98221A44EF004F10CD /* MoyaUseTwoWayViewController.swift in Sources */ = {isa = PBXBuildFile; fileRef = 6528CD97221A44EF004F10CD /* MoyaUseTwoWayViewController.swift */; };
		6528CD9A221A47A5004F10CD /* 结合Moya使用2：结果处理、模型转换。png.png in Resources */ = {isa = PBXBuildFile; fileRef = 6528CD99221A47A5004F10CD /* 结合Moya使用2：结果处理、模型转换。png.png */; };
		6528CDA2221A59A4004F10CD /* ObservableType+ObjectMapper.swift in Sources */ = {isa = PBXBuildFile; fileRef = 6528CD9D221A59A4004F10CD /* ObservableType+ObjectMapper.swift */; };
		6528CDA3221A59A4004F10CD /* Single+ObjectMapper.swift in Sources */ = {isa = PBXBuildFile; fileRef = 6528CD9E221A59A4004F10CD /* Single+ObjectMapper.swift */; };
		6528CDA5221A59A4004F10CD /* Response+ObjectMapper.swift in Sources */ = {isa = PBXBuildFile; fileRef = 6528CDA1221A59A4004F10CD /* Response+ObjectMapper.swift */; };
		6528CDA7221A5BA2004F10CD /* ObjectMapperAndMoyaViewController.swift in Sources */ = {isa = PBXBuildFile; fileRef = 6528CDA6221A5BA2004F10CD /* ObjectMapperAndMoyaViewController.swift */; };
		6528CDA9221A82C8004F10CD /* ObjectMapperNetPerfection ViewController.swift in Sources */ = {isa = PBXBuildFile; fileRef = 6528CDA8221A82C8004F10CD /* ObjectMapperNetPerfection ViewController.swift */; };
		6528CDAB221A869F004F10CD /* DouBanNetworkService.swift in Sources */ = {isa = PBXBuildFile; fileRef = 6528CDAA221A869F004F10CD /* DouBanNetworkService.swift */; };
		6528CDAE221A9352004F10CD /* MBProgressHUDUseViewController.swift in Sources */ = {isa = PBXBuildFile; fileRef = 6528CDAD221A9352004F10CD /* MBProgressHUDUseViewController.swift */; };
		6528CDB8221A9508004F10CD /* MBProgressHUD.m in Sources */ = {isa = PBXBuildFile; fileRef = 6528CDB6221A9508004F10CD /* MBProgressHUD.m */; };
		6528CDC3221AA336004F10CD /* 环形进度条.png in Resources */ = {isa = PBXBuildFile; fileRef = 6528CDBF221AA335004F10CD /* 环形进度条.png */; };
		6528CDC4221AA336004F10CD /* 饼状进度条.png in Resources */ = {isa = PBXBuildFile; fileRef = 6528CDC0221AA335004F10CD /* 饼状进度条.png */; };
		6528CDC5221AA336004F10CD /* 带进度的提示框.png in Resources */ = {isa = PBXBuildFile; fileRef = 6528CDC1221AA335004F10CD /* 带进度的提示框.png */; };
		6528CDC6221AA336004F10CD /* 菊花 + 文字标题 + 详情.png in Resources */ = {isa = PBXBuildFile; fileRef = 6528CDC2221AA335004F10CD /* 菊花 + 文字标题 + 详情.png */; };
		6528CDC9221AA340004F10CD /* 菊花 + 文字.png in Resources */ = {isa = PBXBuildFile; fileRef = 6528CDC7221AA33F004F10CD /* 菊花 + 文字.png */; };
		6528CDCA221AA340004F10CD /* 纯文字标题 + 详情.png in Resources */ = {isa = PBXBuildFile; fileRef = 6528CDC8221AA33F004F10CD /* 纯文字标题 + 详情.png */; };
		6528CDCD221AA34E004F10CD /* 菊花.png in Resources */ = {isa = PBXBuildFile; fileRef = 6528CDCB221AA34D004F10CD /* 菊花.png */; };
		6528CDCE221AA34E004F10CD /* 纯文字.png in Resources */ = {isa = PBXBuildFile; fileRef = 6528CDCC221AA34E004F10CD /* 纯文字.png */; };
		6528CDD1221AACB6004F10CD /* MBProgressHUDUseTwoViewController.swift in Sources */ = {isa = PBXBuildFile; fileRef = 6528CDD0221AACB6004F10CD /* MBProgressHUDUseTwoViewController.swift */; };
		6528CDD3221AAE79004F10CD /* 毛玻璃遮罩.png in Resources */ = {isa = PBXBuildFile; fileRef = 6528CDD2221AAE79004F10CD /* 毛玻璃遮罩.png */; };
		6528CDD5221AAF99004F10CD /* 提示框圆角值.png in Resources */ = {isa = PBXBuildFile; fileRef = 6528CDD4221AAF99004F10CD /* 提示框圆角值.png */; };
		6528CDD7221AB0E1004F10CD /* 文字的颜色和字体.png in Resources */ = {isa = PBXBuildFile; fileRef = 6528CDD6221AB0E1004F10CD /* 文字的颜色和字体.png */; };
		6528CDD9221AB269004F10CD /* 提示框偏移量.png in Resources */ = {isa = PBXBuildFile; fileRef = 6528CDD8221AB269004F10CD /* 提示框偏移量.png */; };
		6528CDDB221AB31F004F10CD /* 提示框内边距.png in Resources */ = {isa = PBXBuildFile; fileRef = 6528CDDA221AB31E004F10CD /* 提示框内边距.png */; };
		6528CDDD221AB3DE004F10CD /* 提示框的最小尺寸.png in Resources */ = {isa = PBXBuildFile; fileRef = 6528CDDC221AB3DE004F10CD /* 提示框的最小尺寸.png */; };
		6528CDDF221AB77D004F10CD /* 提示框中显示一个“打勾”的图标.png in Resources */ = {isa = PBXBuildFile; fileRef = 6528CDDE221AB77C004F10CD /* 提示框中显示一个“打勾”的图标.png */; };
		658ADD56224CBE67003F989B /* MBProgressHUDExtension.swift in Sources */ = {isa = PBXBuildFile; fileRef = 658ADD55224CBE67003F989B /* MBProgressHUDExtension.swift */; };
		658ADD58224CC3DD003F989B /* 52.png in Resources */ = {isa = PBXBuildFile; fileRef = 658ADD57224CC3DD003F989B /* 52.png */; };
		658ADD5A224CC54E003F989B /* MbExtensionViewController.swift in Sources */ = {isa = PBXBuildFile; fileRef = 658ADD59224CC54E003F989B /* MbExtensionViewController.swift */; };
		658ADD5D224CC6BF003F989B /* SwiftNoticeViewController.swift in Sources */ = {isa = PBXBuildFile; fileRef = 658ADD5C224CC6BF003F989B /* SwiftNoticeViewController.swift */; };
		658ADD86224CC885003F989B /* SwiftNotice.swift in Sources */ = {isa = PBXBuildFile; fileRef = 658ADD85224CC885003F989B /* SwiftNotice.swift */; };
		658ADD88224CCDEF003F989B /* 53.顶部通知消息.png in Resources */ = {isa = PBXBuildFile; fileRef = 658ADD87224CCDEF003F989B /* 53.顶部通知消息.png */; };
		658ADD8B224CD644003F989B /* MVVMViewController.swift in Sources */ = {isa = PBXBuildFile; fileRef = 658ADD8A224CD644003F989B /* MVVMViewController.swift */; };
		658ADD8F224CD90F003F989B /* SignalProducer+ObjectMapper.swift in Sources */ = {isa = PBXBuildFile; fileRef = 658ADD8D224CD90F003F989B /* SignalProducer+ObjectMapper.swift */; };
		658ADD90224CD90F003F989B /* Response+ObjectMapper.swift in Sources */ = {isa = PBXBuildFile; fileRef = 658ADD8E224CD90F003F989B /* Response+ObjectMapper.swift */; };
		65D7766D2217F8E1007DA04A /* AppDelegate.swift in Sources */ = {isa = PBXBuildFile; fileRef = 65D7766C2217F8E1007DA04A /* AppDelegate.swift */; };
		65D7766F2217F8E1007DA04A /* ViewController.swift in Sources */ = {isa = PBXBuildFile; fileRef = 65D7766E2217F8E1007DA04A /* ViewController.swift */; };
		65D776722217F8E1007DA04A /* Main.storyboard in Resources */ = {isa = PBXBuildFile; fileRef = 65D776702217F8E1007DA04A /* Main.storyboard */; };
		65D776742217F8E2007DA04A /* Assets.xcassets in Resources */ = {isa = PBXBuildFile; fileRef = 65D776732217F8E2007DA04A /* Assets.xcassets */; };
		65D776772217F8E2007DA04A /* LaunchScreen.storyboard in Resources */ = {isa = PBXBuildFile; fileRef = 65D776752217F8E2007DA04A /* LaunchScreen.storyboard */; };
		65D776822217F8E2007DA04A /* RXSwift__Tests.swift in Sources */ = {isa = PBXBuildFile; fileRef = 65D776812217F8E2007DA04A /* RXSwift__Tests.swift */; };
		65D7768D2217F8E2007DA04A /* RXSwift__UITests.swift in Sources */ = {isa = PBXBuildFile; fileRef = 65D7768C2217F8E2007DA04A /* RXSwift__UITests.swift */; };
		65D777002217FA2D007DA04A /* DebugViewController.swift in Sources */ = {isa = PBXBuildFile; fileRef = 65D7769B2217FA29007DA04A /* DebugViewController.swift */; };
		65D777012217FA2D007DA04A /* SubjectsViewController.swift in Sources */ = {isa = PBXBuildFile; fileRef = 65D7769D2217FA29007DA04A /* SubjectsViewController.swift */; };
		65D777022217FA2D007DA04A /* MaterializeViewController.swift in Sources */ = {isa = PBXBuildFile; fileRef = 65D7769F2217FA29007DA04A /* MaterializeViewController.swift */; };
		65D777032217FA2D007DA04A /* ConnectViewController.swift in Sources */ = {isa = PBXBuildFile; fileRef = 65D776A12217FA29007DA04A /* ConnectViewController.swift */; };
		65D777042217FA2D007DA04A /* UIGestureRecognizerViewController.swift in Sources */ = {isa = PBXBuildFile; fileRef = 65D776A32217FA29007DA04A /* UIGestureRecognizerViewController.swift */; };
		65D777052217FA2D007DA04A /* BasicCollectionViewCell.swift in Sources */ = {isa = PBXBuildFile; fileRef = 65D776A52217FA29007DA04A /* BasicCollectionViewCell.swift */; };
		65D777062217FA2D007DA04A /* BasicCollectionViewViewController.swift in Sources */ = {isa = PBXBuildFile; fileRef = 65D776A62217FA29007DA04A /* BasicCollectionViewViewController.swift */; };
		65D777072217FA2D007DA04A /* RxAlamofireResultViewController.swift in Sources */ = {isa = PBXBuildFile; fileRef = 65D776A82217FA29007DA04A /* RxAlamofireResultViewController.swift */; };
		65D777082217FA2D007DA04A /* RxAlamofireUsefourViewController.swift in Sources */ = {isa = PBXBuildFile; fileRef = 65D776AA2217FA29007DA04A /* RxAlamofireUsefourViewController.swift */; };
		65D777092217FA2D007DA04A /* UISwitchUISegmentedControlViewController.swift in Sources */ = {isa = PBXBuildFile; fileRef = 65D776AC2217FA29007DA04A /* UISwitchUISegmentedControlViewController.swift */; };
		65D7770A2217FA2D007DA04A /* ExtensionLabelViewController.swift in Sources */ = {isa = PBXBuildFile; fileRef = 65D776AE2217FA29007DA04A /* ExtensionLabelViewController.swift */; };
		65D7770B2217FA2D007DA04A /* FilterViewController.swift in Sources */ = {isa = PBXBuildFile; fileRef = 65D776B02217FA29007DA04A /* FilterViewController.swift */; };
		65D7770C2217FA2D007DA04A /* SingleViewController.swift in Sources */ = {isa = PBXBuildFile; fileRef = 65D776B22217FA2A007DA04A /* SingleViewController.swift */; };
		65D7770D2217FA2D007DA04A /* ControlPropertyViewController.swift in Sources */ = {isa = PBXBuildFile; fileRef = 65D776B42217FA2A007DA04A /* ControlPropertyViewController.swift */; };
		65D7770E2217FA2D007DA04A /* ButtonAndBarButtonItemViewController.swift in Sources */ = {isa = PBXBuildFile; fileRef = 65D776B62217FA2A007DA04A /* ButtonAndBarButtonItemViewController.swift */; };
		65D7770F2217FA2D007DA04A /* ObservableViewControllerCreate.swift in Sources */ = {isa = PBXBuildFile; fileRef = 65D776B92217FA2A007DA04A /* ObservableViewControllerCreate.swift */; };
		65D777102217FA2D007DA04A /* ToArrayViewController.swift in Sources */ = {isa = PBXBuildFile; fileRef = 65D776BB2217FA2A007DA04A /* ToArrayViewController.swift */; };
		65D777112217FA2D007DA04A /* SubscribeOnViewController.swift in Sources */ = {isa = PBXBuildFile; fileRef = 65D776BD2217FA2A007DA04A /* SubscribeOnViewController.swift */; };
		65D777122217FA2D007DA04A /* UITableViewUserdViewController.swift in Sources */ = {isa = PBXBuildFile; fileRef = 65D776BF2217FA2A007DA04A /* UITableViewUserdViewController.swift */; };
		65D777132217FA2D007DA04A /* UITableViewRefreshViewController.swift in Sources */ = {isa = PBXBuildFile; fileRef = 65D776C12217FA2A007DA04A /* UITableViewRefreshViewController.swift */; };
		65D777142217FA2D007DA04A /* EditTabViewController.swift in Sources */ = {isa = PBXBuildFile; fileRef = 65D776C32217FA2A007DA04A /* EditTabViewController.swift */; };
		65D777152217FA2D007DA04A /* UIPickerViewBasicViewController.swift in Sources */ = {isa = PBXBuildFile; fileRef = 65D776C52217FA2A007DA04A /* UIPickerViewBasicViewController.swift */; };
		65D777162217FA2D007DA04A /* WeakSelfViewController.swift in Sources */ = {isa = PBXBuildFile; fileRef = 65D776C72217FA2A007DA04A /* WeakSelfViewController.swift */; };
		65D777172217FA2D007DA04A /* ErrorHandlingOperatorsViewController.swift in Sources */ = {isa = PBXBuildFile; fileRef = 65D776C92217FA2A007DA04A /* ErrorHandlingOperatorsViewController.swift */; };
		65D777182217FA2D007DA04A /* UITextFieldUITextViewViewController.swift in Sources */ = {isa = PBXBuildFile; fileRef = 65D776CB2217FA2A007DA04A /* UITextFieldUITextViewViewController.swift */; };
		65D777192217FA2D007DA04A /* RxAlamofireUseViewController.swift in Sources */ = {isa = PBXBuildFile; fileRef = 65D776CD2217FA2A007DA04A /* RxAlamofireUseViewController.swift */; };
		65D7771A2217FA2D007DA04A /* BufferViewController.swift in Sources */ = {isa = PBXBuildFile; fileRef = 65D776CF2217FA2A007DA04A /* BufferViewController.swift */; };
		65D7771B2217FA2D007DA04A /* ObservableViewController.swift in Sources */ = {isa = PBXBuildFile; fileRef = 65D776D12217FA2B007DA04A /* ObservableViewController.swift */; };
		65D7771C2217FA2D007DA04A /* UITableViewFiltrationViewController.swift in Sources */ = {isa = PBXBuildFile; fileRef = 65D776D32217FA2B007DA04A /* UITableViewFiltrationViewController.swift */; };
		65D7771D2217FA2D007DA04A /* AnyObserverViewController.swift in Sources */ = {isa = PBXBuildFile; fileRef = 65D776D52217FA2B007DA04A /* AnyObserverViewController.swift */; };
		65D7771E2217FA2D007DA04A /* UIDatePickerViewController.swift in Sources */ = {isa = PBXBuildFile; fileRef = 65D776D82217FA2B007DA04A /* UIDatePickerViewController.swift */; };
		65D7771F2217FA2D007DA04A /* UICollectionRxDataSourcesViewController.swift in Sources */ = {isa = PBXBuildFile; fileRef = 65D776DA2217FA2B007DA04A /* UICollectionRxDataSourcesViewController.swift */; };
		65D777202217FA2D007DA04A /* MyCollectionViewCell.swift in Sources */ = {isa = PBXBuildFile; fileRef = 65D776DB2217FA2B007DA04A /* MyCollectionViewCell.swift */; };
		65D777212217FA2D007DA04A /* MySectionHeader.swift in Sources */ = {isa = PBXBuildFile; fileRef = 65D776DC2217FA2B007DA04A /* MySectionHeader.swift */; };
		65D777222217FA2D007DA04A /* ShaungxiangbangdingViewController.swift in Sources */ = {isa = PBXBuildFile; fileRef = 65D776DE2217FA2B007DA04A /* ShaungxiangbangdingViewController.swift */; };
		65D777232217FA2D007DA04A /* Operators.swift in Sources */ = {isa = PBXBuildFile; fileRef = 65D776DF2217FA2B007DA04A /* Operators.swift */; };
		65D777242217FA2D007DA04A /* SelfObservableViewController.swift in Sources */ = {isa = PBXBuildFile; fileRef = 65D776E12217FA2B007DA04A /* SelfObservableViewController.swift */; };
		65D777252217FA2D007DA04A /* DriverViewController.swift in Sources */ = {isa = PBXBuildFile; fileRef = 65D776E32217FA2B007DA04A /* DriverViewController.swift */; };
		65D777262217FA2D007DA04A /* UICollectionViewStyleEditViewController.swift in Sources */ = {isa = PBXBuildFile; fileRef = 65D776E52217FA2B007DA04A /* UICollectionViewStyleEditViewController.swift */; };
		65D777272217FA2D007DA04A /* URLSessionViewController.swift in Sources */ = {isa = PBXBuildFile; fileRef = 65D776E72217FA2C007DA04A /* URLSessionViewController.swift */; };
		65D777282217FA2D007DA04A /* RxAlamofireBasicViewController.swift in Sources */ = {isa = PBXBuildFile; fileRef = 65D776E92217FA2C007DA04A /* RxAlamofireBasicViewController.swift */; };
		65D777292217FA2D007DA04A /* UISliderAndUIStepperViewController.swift in Sources */ = {isa = PBXBuildFile; fileRef = 65D776EB2217FA2C007DA04A /* UISliderAndUIStepperViewController.swift */; };
		65D7772A2217FA2D007DA04A /* OrderObservableViewController.swift in Sources */ = {isa = PBXBuildFile; fileRef = 65D776ED2217FA2C007DA04A /* OrderObservableViewController.swift */; };
		65D7772B2217FA2D007DA04A /* ConditionalAndBooleanOperatorsViewController.swift in Sources */ = {isa = PBXBuildFile; fileRef = 65D776EF2217FA2C007DA04A /* ConditionalAndBooleanOperatorsViewController.swift */; };
		65D7772C2217FA2D007DA04A /* TabRxDataSourcesViewController.swift in Sources */ = {isa = PBXBuildFile; fileRef = 65D776F12217FA2C007DA04A /* TabRxDataSourcesViewController.swift */; };
		65D7772D2217FA2D007DA04A /* UIActivityIndicatorViewAndUIApplicationViewController.swift in Sources */ = {isa = PBXBuildFile; fileRef = 65D776F32217FA2C007DA04A /* UIActivityIndicatorViewAndUIApplicationViewController.swift */; };
		65D7772E2217FA2D007DA04A /* ModelViewController.swift in Sources */ = {isa = PBXBuildFile; fileRef = 65D776F52217FA2C007DA04A /* ModelViewController.swift */; };
		65D7772F2217FA2D007DA04A /* StartWithViewController.swift in Sources */ = {isa = PBXBuildFile; fileRef = 65D776F72217FA2C007DA04A /* StartWithViewController.swift */; };
		65D777302217FA2D007DA04A /* UICollectionRefreshViewController.swift in Sources */ = {isa = PBXBuildFile; fileRef = 65D776F92217FA2C007DA04A /* UICollectionRefreshViewController.swift */; };
		65D777312217FA2D007DA04A /* UITableViewExchangeViewController.swift in Sources */ = {isa = PBXBuildFile; fileRef = 65D776FB2217FA2C007DA04A /* UITableViewExchangeViewController.swift */; };
		65D777322217FA2D007DA04A /* UITableViewDifferentViewController.swift in Sources */ = {isa = PBXBuildFile; fileRef = 65D776FD2217FA2C007DA04A /* UITableViewDifferentViewController.swift */; };
		65D777332217FA2D007DA04A /* DifferentSwitchTableViewCell.swift in Sources */ = {isa = PBXBuildFile; fileRef = 65D776FE2217FA2C007DA04A /* DifferentSwitchTableViewCell.swift */; };
		65D777342217FA2D007DA04A /* DifferentImageViewTableViewCell.swift in Sources */ = {isa = PBXBuildFile; fileRef = 65D776FF2217FA2C007DA04A /* DifferentImageViewTableViewCell.swift */; };
		65D7773F2217FAE1007DA04A /* 多列UIPickerView.png in Resources */ = {isa = PBXBuildFile; fileRef = 65D777352217FADF007DA04A /* 多列UIPickerView.png */; };
		65D777402217FAE1007DA04A /* 可编辑表格.png in Resources */ = {isa = PBXBuildFile; fileRef = 65D777362217FAE0007DA04A /* 可编辑表格.png */; };
		65D777412217FAE1007DA04A /* 不同的cell显示.png in Resources */ = {isa = PBXBuildFile; fileRef = 65D777372217FAE0007DA04A /* 不同的cell显示.png */; };
		65D777422217FAE1007DA04A /* 豆瓣数据请求.png in Resources */ = {isa = PBXBuildFile; fileRef = 65D777382217FAE0007DA04A /* 豆瓣数据请求.png */; };
		65D777432217FAE1007DA04A /* 单列的UIPickerView.png in Resources */ = {isa = PBXBuildFile; fileRef = 65D777392217FAE0007DA04A /* 单列的UIPickerView.png */; };
		65D777442217FAE1007DA04A /* 修改单元格高度.png in Resources */ = {isa = PBXBuildFile; fileRef = 65D7773A2217FAE0007DA04A /* 修改单元格高度.png */; };
		65D777452217FAE1007DA04A /* 修改默认的样式UIPickerView.png in Resources */ = {isa = PBXBuildFile; fileRef = 65D7773B2217FAE0007DA04A /* 修改默认的样式UIPickerView.png */; };
		65D777462217FAE1007DA04A /* 搜索框的tab.png in Resources */ = {isa = PBXBuildFile; fileRef = 65D7773C2217FAE1007DA04A /* 搜索框的tab.png */; };
		65D777472217FAE1007DA04A /* 自定义双向绑定操作符（operator）.png in Resources */ = {isa = PBXBuildFile; fileRef = 65D7773D2217FAE1007DA04A /* 自定义双向绑定操作符（operator）.png */; };
		65D777482217FAE1007DA04A /* 自定义UIPickerView.png in Resources */ = {isa = PBXBuildFile; fileRef = 65D7773E2217FAE1007DA04A /* 自定义UIPickerView.png */; };
		65D7774A2217FB96007DA04A /* MoyaUseViewController.swift in Sources */ = {isa = PBXBuildFile; fileRef = 65D777492217FB96007DA04A /* MoyaUseViewController.swift */; };
		65D7774C2218060C007DA04A /* DouBanAPI.swift in Sources */ = {isa = PBXBuildFile; fileRef = 65D7774B2218060C007DA04A /* DouBanAPI.swift */; };
		CDCAF233997F7318B17F87AE /* libPods-RXSwift学习.a in Frameworks */ = {isa = PBXBuildFile; fileRef = F5BBB67C7C4A0D91087A1FAC /* libPods-RXSwift学习.a */; };
/* End PBXBuildFile section */

/* Begin PBXContainerItemProxy section */
		65D7767E2217F8E2007DA04A /* PBXContainerItemProxy */ = {
			isa = PBXContainerItemProxy;
			containerPortal = 65D776612217F8E1007DA04A /* Project object */;
			proxyType = 1;
			remoteGlobalIDString = 65D776682217F8E1007DA04A;
			remoteInfo = "RXSwift学习";
		};
		65D776892217F8E2007DA04A /* PBXContainerItemProxy */ = {
			isa = PBXContainerItemProxy;
			containerPortal = 65D776612217F8E1007DA04A /* Project object */;
			proxyType = 1;
			remoteGlobalIDString = 65D776682217F8E1007DA04A;
			remoteInfo = "RXSwift学习";
		};
/* End PBXContainerItemProxy section */

/* Begin PBXFileReference section */
		6528CD97221A44EF004F10CD /* MoyaUseTwoWayViewController.swift */ = {isa = PBXFileReference; lastKnownFileType = sourcecode.swift; path = MoyaUseTwoWayViewController.swift; sourceTree = "<group>"; };
		6528CD99221A47A5004F10CD /* 结合Moya使用2：结果处理、模型转换。png.png */ = {isa = PBXFileReference; lastKnownFileType = image.png; path = "结合Moya使用2：结果处理、模型转换。png.png"; sourceTree = "<group>"; };
		6528CD9D221A59A4004F10CD /* ObservableType+ObjectMapper.swift */ = {isa = PBXFileReference; fileEncoding = 4; lastKnownFileType = sourcecode.swift; path = "ObservableType+ObjectMapper.swift"; sourceTree = "<group>"; };
		6528CD9E221A59A4004F10CD /* Single+ObjectMapper.swift */ = {isa = PBXFileReference; fileEncoding = 4; lastKnownFileType = sourcecode.swift; path = "Single+ObjectMapper.swift"; sourceTree = "<group>"; };
		6528CDA1221A59A4004F10CD /* Response+ObjectMapper.swift */ = {isa = PBXFileReference; fileEncoding = 4; lastKnownFileType = sourcecode.swift; path = "Response+ObjectMapper.swift"; sourceTree = "<group>"; };
		6528CDA6221A5BA2004F10CD /* ObjectMapperAndMoyaViewController.swift */ = {isa = PBXFileReference; lastKnownFileType = sourcecode.swift; path = ObjectMapperAndMoyaViewController.swift; sourceTree = "<group>"; };
		6528CDA8221A82C8004F10CD /* ObjectMapperNetPerfection ViewController.swift */ = {isa = PBXFileReference; lastKnownFileType = sourcecode.swift; path = "ObjectMapperNetPerfection ViewController.swift"; sourceTree = "<group>"; };
		6528CDAA221A869F004F10CD /* DouBanNetworkService.swift */ = {isa = PBXFileReference; lastKnownFileType = sourcecode.swift; path = DouBanNetworkService.swift; sourceTree = "<group>"; };
		6528CDAD221A9352004F10CD /* MBProgressHUDUseViewController.swift */ = {isa = PBXFileReference; lastKnownFileType = sourcecode.swift; path = MBProgressHUDUseViewController.swift; sourceTree = "<group>"; };
		6528CDB6221A9508004F10CD /* MBProgressHUD.m */ = {isa = PBXFileReference; fileEncoding = 4; lastKnownFileType = sourcecode.c.objc; path = MBProgressHUD.m; sourceTree = "<group>"; };
		6528CDB7221A9508004F10CD /* MBProgressHUD.h */ = {isa = PBXFileReference; fileEncoding = 4; lastKnownFileType = sourcecode.c.h; path = MBProgressHUD.h; sourceTree = "<group>"; };
		6528CDBE221A9A0B004F10CD /* Swift-Brige-Objecctive-C.h */ = {isa = PBXFileReference; lastKnownFileType = sourcecode.c.h; path = "Swift-Brige-Objecctive-C.h"; sourceTree = "<group>"; };
		6528CDBF221AA335004F10CD /* 环形进度条.png */ = {isa = PBXFileReference; lastKnownFileType = image.png; path = "环形进度条.png"; sourceTree = "<group>"; };
		6528CDC0221AA335004F10CD /* 饼状进度条.png */ = {isa = PBXFileReference; lastKnownFileType = image.png; path = "饼状进度条.png"; sourceTree = "<group>"; };
		6528CDC1221AA335004F10CD /* 带进度的提示框.png */ = {isa = PBXFileReference; lastKnownFileType = image.png; path = "带进度的提示框.png"; sourceTree = "<group>"; };
		6528CDC2221AA335004F10CD /* 菊花 + 文字标题 + 详情.png */ = {isa = PBXFileReference; lastKnownFileType = image.png; path = "菊花 + 文字标题 + 详情.png"; sourceTree = "<group>"; };
		6528CDC7221AA33F004F10CD /* 菊花 + 文字.png */ = {isa = PBXFileReference; lastKnownFileType = image.png; path = "菊花 + 文字.png"; sourceTree = "<group>"; };
		6528CDC8221AA33F004F10CD /* 纯文字标题 + 详情.png */ = {isa = PBXFileReference; lastKnownFileType = image.png; path = "纯文字标题 + 详情.png"; sourceTree = "<group>"; };
		6528CDCB221AA34D004F10CD /* 菊花.png */ = {isa = PBXFileReference; lastKnownFileType = image.png; path = "菊花.png"; sourceTree = "<group>"; };
		6528CDCC221AA34E004F10CD /* 纯文字.png */ = {isa = PBXFileReference; lastKnownFileType = image.png; path = "纯文字.png"; sourceTree = "<group>"; };
		6528CDD0221AACB6004F10CD /* MBProgressHUDUseTwoViewController.swift */ = {isa = PBXFileReference; lastKnownFileType = sourcecode.swift; path = MBProgressHUDUseTwoViewController.swift; sourceTree = "<group>"; };
		6528CDD2221AAE79004F10CD /* 毛玻璃遮罩.png */ = {isa = PBXFileReference; lastKnownFileType = image.png; path = "毛玻璃遮罩.png"; sourceTree = "<group>"; };
		6528CDD4221AAF99004F10CD /* 提示框圆角值.png */ = {isa = PBXFileReference; lastKnownFileType = image.png; path = "提示框圆角值.png"; sourceTree = "<group>"; };
		6528CDD6221AB0E1004F10CD /* 文字的颜色和字体.png */ = {isa = PBXFileReference; lastKnownFileType = image.png; path = "文字的颜色和字体.png"; sourceTree = "<group>"; };
		6528CDD8221AB269004F10CD /* 提示框偏移量.png */ = {isa = PBXFileReference; lastKnownFileType = image.png; path = "提示框偏移量.png"; sourceTree = "<group>"; };
		6528CDDA221AB31E004F10CD /* 提示框内边距.png */ = {isa = PBXFileReference; lastKnownFileType = image.png; path = "提示框内边距.png"; sourceTree = "<group>"; };
		6528CDDC221AB3DE004F10CD /* 提示框的最小尺寸.png */ = {isa = PBXFileReference; lastKnownFileType = image.png; path = "提示框的最小尺寸.png"; sourceTree = "<group>"; };
		6528CDDE221AB77C004F10CD /* 提示框中显示一个“打勾”的图标.png */ = {isa = PBXFileReference; lastKnownFileType = image.png; path = "提示框中显示一个“打勾”的图标.png"; sourceTree = "<group>"; };
		658ADD55224CBE67003F989B /* MBProgressHUDExtension.swift */ = {isa = PBXFileReference; lastKnownFileType = sourcecode.swift; path = MBProgressHUDExtension.swift; sourceTree = "<group>"; };
		658ADD57224CC3DD003F989B /* 52.png */ = {isa = PBXFileReference; lastKnownFileType = image.png; path = 52.png; sourceTree = "<group>"; };
		658ADD59224CC54E003F989B /* MbExtensionViewController.swift */ = {isa = PBXFileReference; lastKnownFileType = sourcecode.swift; path = MbExtensionViewController.swift; sourceTree = "<group>"; };
		658ADD5C224CC6BF003F989B /* SwiftNoticeViewController.swift */ = {isa = PBXFileReference; lastKnownFileType = sourcecode.swift; path = SwiftNoticeViewController.swift; sourceTree = "<group>"; };
		658ADD85224CC885003F989B /* SwiftNotice.swift */ = {isa = PBXFileReference; fileEncoding = 4; lastKnownFileType = sourcecode.swift; path = SwiftNotice.swift; sourceTree = "<group>"; };
		658ADD87224CCDEF003F989B /* 53.顶部通知消息.png */ = {isa = PBXFileReference; lastKnownFileType = image.png; path = "53.顶部通知消息.png"; sourceTree = "<group>"; };
		658ADD8A224CD644003F989B /* MVVMViewController.swift */ = {isa = PBXFileReference; lastKnownFileType = sourcecode.swift; path = MVVMViewController.swift; sourceTree = "<group>"; };
		658ADD8D224CD90F003F989B /* SignalProducer+ObjectMapper.swift */ = {isa = PBXFileReference; fileEncoding = 4; lastKnownFileType = sourcecode.swift; path = "SignalProducer+ObjectMapper.swift"; sourceTree = "<group>"; };
		658ADD8E224CD90F003F989B /* Response+ObjectMapper.swift */ = {isa = PBXFileReference; fileEncoding = 4; lastKnownFileType = sourcecode.swift; path = "Response+ObjectMapper.swift"; sourceTree = "<group>"; };
		65D776692217F8E1007DA04A /* RXSwift学习.app */ = {isa = PBXFileReference; explicitFileType = wrapper.application; includeInIndex = 0; path = "RXSwift学习.app"; sourceTree = BUILT_PRODUCTS_DIR; };
		65D7766C2217F8E1007DA04A /* AppDelegate.swift */ = {isa = PBXFileReference; lastKnownFileType = sourcecode.swift; path = AppDelegate.swift; sourceTree = "<group>"; };
		65D7766E2217F8E1007DA04A /* ViewController.swift */ = {isa = PBXFileReference; lastKnownFileType = sourcecode.swift; path = ViewController.swift; sourceTree = "<group>"; };
		65D776712217F8E1007DA04A /* Base */ = {isa = PBXFileReference; lastKnownFileType = file.storyboard; name = Base; path = Base.lproj/Main.storyboard; sourceTree = "<group>"; };
		65D776732217F8E2007DA04A /* Assets.xcassets */ = {isa = PBXFileReference; lastKnownFileType = folder.assetcatalog; path = Assets.xcassets; sourceTree = "<group>"; };
		65D776762217F8E2007DA04A /* Base */ = {isa = PBXFileReference; lastKnownFileType = file.storyboard; name = Base; path = Base.lproj/LaunchScreen.storyboard; sourceTree = "<group>"; };
		65D776782217F8E2007DA04A /* Info.plist */ = {isa = PBXFileReference; lastKnownFileType = text.plist.xml; path = Info.plist; sourceTree = "<group>"; };
		65D7767D2217F8E2007DA04A /* RXSwift学习Tests.xctest */ = {isa = PBXFileReference; explicitFileType = wrapper.cfbundle; includeInIndex = 0; path = "RXSwift学习Tests.xctest"; sourceTree = BUILT_PRODUCTS_DIR; };
		65D776812217F8E2007DA04A /* RXSwift__Tests.swift */ = {isa = PBXFileReference; lastKnownFileType = sourcecode.swift; path = RXSwift__Tests.swift; sourceTree = "<group>"; };
		65D776832217F8E2007DA04A /* Info.plist */ = {isa = PBXFileReference; lastKnownFileType = text.plist.xml; path = Info.plist; sourceTree = "<group>"; };
		65D776882217F8E2007DA04A /* RXSwift学习UITests.xctest */ = {isa = PBXFileReference; explicitFileType = wrapper.cfbundle; includeInIndex = 0; path = "RXSwift学习UITests.xctest"; sourceTree = BUILT_PRODUCTS_DIR; };
		65D7768C2217F8E2007DA04A /* RXSwift__UITests.swift */ = {isa = PBXFileReference; lastKnownFileType = sourcecode.swift; path = RXSwift__UITests.swift; sourceTree = "<group>"; };
		65D7768E2217F8E2007DA04A /* Info.plist */ = {isa = PBXFileReference; lastKnownFileType = text.plist.xml; path = Info.plist; sourceTree = "<group>"; };
		65D7769B2217FA29007DA04A /* DebugViewController.swift */ = {isa = PBXFileReference; fileEncoding = 4; lastKnownFileType = sourcecode.swift; path = DebugViewController.swift; sourceTree = "<group>"; };
		65D7769D2217FA29007DA04A /* SubjectsViewController.swift */ = {isa = PBXFileReference; fileEncoding = 4; lastKnownFileType = sourcecode.swift; path = SubjectsViewController.swift; sourceTree = "<group>"; };
		65D7769F2217FA29007DA04A /* MaterializeViewController.swift */ = {isa = PBXFileReference; fileEncoding = 4; lastKnownFileType = sourcecode.swift; path = MaterializeViewController.swift; sourceTree = "<group>"; };
		65D776A12217FA29007DA04A /* ConnectViewController.swift */ = {isa = PBXFileReference; fileEncoding = 4; lastKnownFileType = sourcecode.swift; path = ConnectViewController.swift; sourceTree = "<group>"; };
		65D776A32217FA29007DA04A /* UIGestureRecognizerViewController.swift */ = {isa = PBXFileReference; fileEncoding = 4; lastKnownFileType = sourcecode.swift; path = UIGestureRecognizerViewController.swift; sourceTree = "<group>"; };
		65D776A52217FA29007DA04A /* BasicCollectionViewCell.swift */ = {isa = PBXFileReference; fileEncoding = 4; lastKnownFileType = sourcecode.swift; path = BasicCollectionViewCell.swift; sourceTree = "<group>"; };
		65D776A62217FA29007DA04A /* BasicCollectionViewViewController.swift */ = {isa = PBXFileReference; fileEncoding = 4; lastKnownFileType = sourcecode.swift; path = BasicCollectionViewViewController.swift; sourceTree = "<group>"; };
		65D776A82217FA29007DA04A /* RxAlamofireResultViewController.swift */ = {isa = PBXFileReference; fileEncoding = 4; lastKnownFileType = sourcecode.swift; path = RxAlamofireResultViewController.swift; sourceTree = "<group>"; };
		65D776AA2217FA29007DA04A /* RxAlamofireUsefourViewController.swift */ = {isa = PBXFileReference; fileEncoding = 4; lastKnownFileType = sourcecode.swift; path = RxAlamofireUsefourViewController.swift; sourceTree = "<group>"; };
		65D776AC2217FA29007DA04A /* UISwitchUISegmentedControlViewController.swift */ = {isa = PBXFileReference; fileEncoding = 4; lastKnownFileType = sourcecode.swift; path = UISwitchUISegmentedControlViewController.swift; sourceTree = "<group>"; };
		65D776AE2217FA29007DA04A /* ExtensionLabelViewController.swift */ = {isa = PBXFileReference; fileEncoding = 4; lastKnownFileType = sourcecode.swift; path = ExtensionLabelViewController.swift; sourceTree = "<group>"; };
		65D776B02217FA29007DA04A /* FilterViewController.swift */ = {isa = PBXFileReference; fileEncoding = 4; lastKnownFileType = sourcecode.swift; path = FilterViewController.swift; sourceTree = "<group>"; };
		65D776B22217FA2A007DA04A /* SingleViewController.swift */ = {isa = PBXFileReference; fileEncoding = 4; lastKnownFileType = sourcecode.swift; path = SingleViewController.swift; sourceTree = "<group>"; };
		65D776B42217FA2A007DA04A /* ControlPropertyViewController.swift */ = {isa = PBXFileReference; fileEncoding = 4; lastKnownFileType = sourcecode.swift; path = ControlPropertyViewController.swift; sourceTree = "<group>"; };
		65D776B62217FA2A007DA04A /* ButtonAndBarButtonItemViewController.swift */ = {isa = PBXFileReference; fileEncoding = 4; lastKnownFileType = sourcecode.swift; path = ButtonAndBarButtonItemViewController.swift; sourceTree = "<group>"; };
		65D776B92217FA2A007DA04A /* ObservableViewControllerCreate.swift */ = {isa = PBXFileReference; fileEncoding = 4; lastKnownFileType = sourcecode.swift; path = ObservableViewControllerCreate.swift; sourceTree = "<group>"; };
		65D776BB2217FA2A007DA04A /* ToArrayViewController.swift */ = {isa = PBXFileReference; fileEncoding = 4; lastKnownFileType = sourcecode.swift; path = ToArrayViewController.swift; sourceTree = "<group>"; };
		65D776BD2217FA2A007DA04A /* SubscribeOnViewController.swift */ = {isa = PBXFileReference; fileEncoding = 4; lastKnownFileType = sourcecode.swift; path = SubscribeOnViewController.swift; sourceTree = "<group>"; };
		65D776BF2217FA2A007DA04A /* UITableViewUserdViewController.swift */ = {isa = PBXFileReference; fileEncoding = 4; lastKnownFileType = sourcecode.swift; path = UITableViewUserdViewController.swift; sourceTree = "<group>"; };
		65D776C12217FA2A007DA04A /* UITableViewRefreshViewController.swift */ = {isa = PBXFileReference; fileEncoding = 4; lastKnownFileType = sourcecode.swift; path = UITableViewRefreshViewController.swift; sourceTree = "<group>"; };
		65D776C32217FA2A007DA04A /* EditTabViewController.swift */ = {isa = PBXFileReference; fileEncoding = 4; lastKnownFileType = sourcecode.swift; path = EditTabViewController.swift; sourceTree = "<group>"; };
		65D776C52217FA2A007DA04A /* UIPickerViewBasicViewController.swift */ = {isa = PBXFileReference; fileEncoding = 4; lastKnownFileType = sourcecode.swift; path = UIPickerViewBasicViewController.swift; sourceTree = "<group>"; };
		65D776C72217FA2A007DA04A /* WeakSelfViewController.swift */ = {isa = PBXFileReference; fileEncoding = 4; lastKnownFileType = sourcecode.swift; path = WeakSelfViewController.swift; sourceTree = "<group>"; };
		65D776C92217FA2A007DA04A /* ErrorHandlingOperatorsViewController.swift */ = {isa = PBXFileReference; fileEncoding = 4; lastKnownFileType = sourcecode.swift; path = ErrorHandlingOperatorsViewController.swift; sourceTree = "<group>"; };
		65D776CB2217FA2A007DA04A /* UITextFieldUITextViewViewController.swift */ = {isa = PBXFileReference; fileEncoding = 4; lastKnownFileType = sourcecode.swift; path = UITextFieldUITextViewViewController.swift; sourceTree = "<group>"; };
		65D776CD2217FA2A007DA04A /* RxAlamofireUseViewController.swift */ = {isa = PBXFileReference; fileEncoding = 4; lastKnownFileType = sourcecode.swift; path = RxAlamofireUseViewController.swift; sourceTree = "<group>"; };
		65D776CF2217FA2A007DA04A /* BufferViewController.swift */ = {isa = PBXFileReference; fileEncoding = 4; lastKnownFileType = sourcecode.swift; path = BufferViewController.swift; sourceTree = "<group>"; };
		65D776D12217FA2B007DA04A /* ObservableViewController.swift */ = {isa = PBXFileReference; fileEncoding = 4; lastKnownFileType = sourcecode.swift; path = ObservableViewController.swift; sourceTree = "<group>"; };
		65D776D32217FA2B007DA04A /* UITableViewFiltrationViewController.swift */ = {isa = PBXFileReference; fileEncoding = 4; lastKnownFileType = sourcecode.swift; path = UITableViewFiltrationViewController.swift; sourceTree = "<group>"; };
		65D776D52217FA2B007DA04A /* AnyObserverViewController.swift */ = {isa = PBXFileReference; fileEncoding = 4; lastKnownFileType = sourcecode.swift; path = AnyObserverViewController.swift; sourceTree = "<group>"; };
		65D776D82217FA2B007DA04A /* UIDatePickerViewController.swift */ = {isa = PBXFileReference; fileEncoding = 4; lastKnownFileType = sourcecode.swift; path = UIDatePickerViewController.swift; sourceTree = "<group>"; };
		65D776DA2217FA2B007DA04A /* UICollectionRxDataSourcesViewController.swift */ = {isa = PBXFileReference; fileEncoding = 4; lastKnownFileType = sourcecode.swift; path = UICollectionRxDataSourcesViewController.swift; sourceTree = "<group>"; };
		65D776DB2217FA2B007DA04A /* MyCollectionViewCell.swift */ = {isa = PBXFileReference; fileEncoding = 4; lastKnownFileType = sourcecode.swift; path = MyCollectionViewCell.swift; sourceTree = "<group>"; };
		65D776DC2217FA2B007DA04A /* MySectionHeader.swift */ = {isa = PBXFileReference; fileEncoding = 4; lastKnownFileType = sourcecode.swift; path = MySectionHeader.swift; sourceTree = "<group>"; };
		65D776DE2217FA2B007DA04A /* ShaungxiangbangdingViewController.swift */ = {isa = PBXFileReference; fileEncoding = 4; lastKnownFileType = sourcecode.swift; path = ShaungxiangbangdingViewController.swift; sourceTree = "<group>"; };
		65D776DF2217FA2B007DA04A /* Operators.swift */ = {isa = PBXFileReference; fileEncoding = 4; lastKnownFileType = sourcecode.swift; path = Operators.swift; sourceTree = "<group>"; };
		65D776E12217FA2B007DA04A /* SelfObservableViewController.swift */ = {isa = PBXFileReference; fileEncoding = 4; lastKnownFileType = sourcecode.swift; path = SelfObservableViewController.swift; sourceTree = "<group>"; };
		65D776E32217FA2B007DA04A /* DriverViewController.swift */ = {isa = PBXFileReference; fileEncoding = 4; lastKnownFileType = sourcecode.swift; path = DriverViewController.swift; sourceTree = "<group>"; };
		65D776E52217FA2B007DA04A /* UICollectionViewStyleEditViewController.swift */ = {isa = PBXFileReference; fileEncoding = 4; lastKnownFileType = sourcecode.swift; path = UICollectionViewStyleEditViewController.swift; sourceTree = "<group>"; };
		65D776E72217FA2C007DA04A /* URLSessionViewController.swift */ = {isa = PBXFileReference; fileEncoding = 4; lastKnownFileType = sourcecode.swift; path = URLSessionViewController.swift; sourceTree = "<group>"; };
		65D776E92217FA2C007DA04A /* RxAlamofireBasicViewController.swift */ = {isa = PBXFileReference; fileEncoding = 4; lastKnownFileType = sourcecode.swift; path = RxAlamofireBasicViewController.swift; sourceTree = "<group>"; };
		65D776EB2217FA2C007DA04A /* UISliderAndUIStepperViewController.swift */ = {isa = PBXFileReference; fileEncoding = 4; lastKnownFileType = sourcecode.swift; path = UISliderAndUIStepperViewController.swift; sourceTree = "<group>"; };
		65D776ED2217FA2C007DA04A /* OrderObservableViewController.swift */ = {isa = PBXFileReference; fileEncoding = 4; lastKnownFileType = sourcecode.swift; path = OrderObservableViewController.swift; sourceTree = "<group>"; };
		65D776EF2217FA2C007DA04A /* ConditionalAndBooleanOperatorsViewController.swift */ = {isa = PBXFileReference; fileEncoding = 4; lastKnownFileType = sourcecode.swift; path = ConditionalAndBooleanOperatorsViewController.swift; sourceTree = "<group>"; };
		65D776F12217FA2C007DA04A /* TabRxDataSourcesViewController.swift */ = {isa = PBXFileReference; fileEncoding = 4; lastKnownFileType = sourcecode.swift; path = TabRxDataSourcesViewController.swift; sourceTree = "<group>"; };
		65D776F32217FA2C007DA04A /* UIActivityIndicatorViewAndUIApplicationViewController.swift */ = {isa = PBXFileReference; fileEncoding = 4; lastKnownFileType = sourcecode.swift; path = UIActivityIndicatorViewAndUIApplicationViewController.swift; sourceTree = "<group>"; };
		65D776F52217FA2C007DA04A /* ModelViewController.swift */ = {isa = PBXFileReference; fileEncoding = 4; lastKnownFileType = sourcecode.swift; path = ModelViewController.swift; sourceTree = "<group>"; };
		65D776F72217FA2C007DA04A /* StartWithViewController.swift */ = {isa = PBXFileReference; fileEncoding = 4; lastKnownFileType = sourcecode.swift; path = StartWithViewController.swift; sourceTree = "<group>"; };
		65D776F92217FA2C007DA04A /* UICollectionRefreshViewController.swift */ = {isa = PBXFileReference; fileEncoding = 4; lastKnownFileType = sourcecode.swift; path = UICollectionRefreshViewController.swift; sourceTree = "<group>"; };
		65D776FB2217FA2C007DA04A /* UITableViewExchangeViewController.swift */ = {isa = PBXFileReference; fileEncoding = 4; lastKnownFileType = sourcecode.swift; path = UITableViewExchangeViewController.swift; sourceTree = "<group>"; };
		65D776FD2217FA2C007DA04A /* UITableViewDifferentViewController.swift */ = {isa = PBXFileReference; fileEncoding = 4; lastKnownFileType = sourcecode.swift; path = UITableViewDifferentViewController.swift; sourceTree = "<group>"; };
		65D776FE2217FA2C007DA04A /* DifferentSwitchTableViewCell.swift */ = {isa = PBXFileReference; fileEncoding = 4; lastKnownFileType = sourcecode.swift; path = DifferentSwitchTableViewCell.swift; sourceTree = "<group>"; };
		65D776FF2217FA2C007DA04A /* DifferentImageViewTableViewCell.swift */ = {isa = PBXFileReference; fileEncoding = 4; lastKnownFileType = sourcecode.swift; path = DifferentImageViewTableViewCell.swift; sourceTree = "<group>"; };
		65D777352217FADF007DA04A /* 多列UIPickerView.png */ = {isa = PBXFileReference; lastKnownFileType = image.png; path = "多列UIPickerView.png"; sourceTree = "<group>"; };
		65D777362217FAE0007DA04A /* 可编辑表格.png */ = {isa = PBXFileReference; lastKnownFileType = image.png; path = "可编辑表格.png"; sourceTree = "<group>"; };
		65D777372217FAE0007DA04A /* 不同的cell显示.png */ = {isa = PBXFileReference; lastKnownFileType = image.png; path = "不同的cell显示.png"; sourceTree = "<group>"; };
		65D777382217FAE0007DA04A /* 豆瓣数据请求.png */ = {isa = PBXFileReference; lastKnownFileType = image.png; path = "豆瓣数据请求.png"; sourceTree = "<group>"; };
		65D777392217FAE0007DA04A /* 单列的UIPickerView.png */ = {isa = PBXFileReference; lastKnownFileType = image.png; path = "单列的UIPickerView.png"; sourceTree = "<group>"; };
		65D7773A2217FAE0007DA04A /* 修改单元格高度.png */ = {isa = PBXFileReference; lastKnownFileType = image.png; path = "修改单元格高度.png"; sourceTree = "<group>"; };
		65D7773B2217FAE0007DA04A /* 修改默认的样式UIPickerView.png */ = {isa = PBXFileReference; lastKnownFileType = image.png; path = "修改默认的样式UIPickerView.png"; sourceTree = "<group>"; };
		65D7773C2217FAE1007DA04A /* 搜索框的tab.png */ = {isa = PBXFileReference; lastKnownFileType = image.png; path = "搜索框的tab.png"; sourceTree = "<group>"; };
		65D7773D2217FAE1007DA04A /* 自定义双向绑定操作符（operator）.png */ = {isa = PBXFileReference; lastKnownFileType = image.png; path = "自定义双向绑定操作符（operator）.png"; sourceTree = "<group>"; };
		65D7773E2217FAE1007DA04A /* 自定义UIPickerView.png */ = {isa = PBXFileReference; lastKnownFileType = image.png; path = "自定义UIPickerView.png"; sourceTree = "<group>"; };
		65D777492217FB96007DA04A /* MoyaUseViewController.swift */ = {isa = PBXFileReference; lastKnownFileType = sourcecode.swift; path = MoyaUseViewController.swift; sourceTree = "<group>"; };
		65D7774B2218060C007DA04A /* DouBanAPI.swift */ = {isa = PBXFileReference; lastKnownFileType = sourcecode.swift; path = DouBanAPI.swift; sourceTree = "<group>"; };
		90686447E2C47CEB69143743 /* Pods-RXSwift学习.release.xcconfig */ = {isa = PBXFileReference; includeInIndex = 1; lastKnownFileType = text.xcconfig; name = "Pods-RXSwift学习.release.xcconfig"; path = "Pods/Target Support Files/Pods-RXSwift学习/Pods-RXSwift学习.release.xcconfig"; sourceTree = "<group>"; };
		DE383576E1ADA7BAAE24D2FF /* Pods-RXSwift学习.debug.xcconfig */ = {isa = PBXFileReference; includeInIndex = 1; lastKnownFileType = text.xcconfig; name = "Pods-RXSwift学习.debug.xcconfig"; path = "Pods/Target Support Files/Pods-RXSwift学习/Pods-RXSwift学习.debug.xcconfig"; sourceTree = "<group>"; };
		F5BBB67C7C4A0D91087A1FAC /* libPods-RXSwift学习.a */ = {isa = PBXFileReference; explicitFileType = archive.ar; includeInIndex = 0; path = "libPods-RXSwift学习.a"; sourceTree = BUILT_PRODUCTS_DIR; };
/* End PBXFileReference section */

/* Begin PBXFrameworksBuildPhase section */
		65D776662217F8E1007DA04A /* Frameworks */ = {
			isa = PBXFrameworksBuildPhase;
			buildActionMask = 2147483647;
			files = (
				CDCAF233997F7318B17F87AE /* libPods-RXSwift学习.a in Frameworks */,
			);
			runOnlyForDeploymentPostprocessing = 0;
		};
		65D7767A2217F8E2007DA04A /* Frameworks */ = {
			isa = PBXFrameworksBuildPhase;
			buildActionMask = 2147483647;
			files = (
			);
			runOnlyForDeploymentPostprocessing = 0;
		};
		65D776852217F8E2007DA04A /* Frameworks */ = {
			isa = PBXFrameworksBuildPhase;
			buildActionMask = 2147483647;
			files = (
			);
			runOnlyForDeploymentPostprocessing = 0;
		};
/* End PBXFrameworksBuildPhase section */

/* Begin PBXGroup section */
		3F2F2BFFD94862FDBDFC62E9 /* Frameworks */ = {
			isa = PBXGroup;
			children = (
				F5BBB67C7C4A0D91087A1FAC /* libPods-RXSwift学习.a */,
			);
			name = Frameworks;
			sourceTree = "<group>";
		};
		6528CD96221A44CF004F10CD /* 49.结合Moya使用2：结果处理、模型转换 */ = {
			isa = PBXGroup;
			children = (
				6528CD97221A44EF004F10CD /* MoyaUseTwoWayViewController.swift */,
				6528CDA6221A5BA2004F10CD /* ObjectMapperAndMoyaViewController.swift */,
				6528CDA8221A82C8004F10CD /* ObjectMapperNetPerfection ViewController.swift */,
				6528CDAA221A869F004F10CD /* DouBanNetworkService.swift */,
			);
			path = "49.结合Moya使用2：结果处理、模型转换";
			sourceTree = "<group>";
		};
		6528CD9B221A59A4004F10CD /* Source */ = {
			isa = PBXGroup;
			children = (
				658ADD8C224CD90F003F989B /* ReactiveSwift */,
				658ADD8E224CD90F003F989B /* Response+ObjectMapper.swift */,
				658ADD85224CC885003F989B /* SwiftNotice.swift */,
				6528CDB5221A9508004F10CD /* MBPUD */,
				6528CD9C221A59A4004F10CD /* RxSwift */,
			);
			path = Source;
			sourceTree = SOURCE_ROOT;
		};
		6528CD9C221A59A4004F10CD /* RxSwift */ = {
			isa = PBXGroup;
			children = (
				6528CDA1221A59A4004F10CD /* Response+ObjectMapper.swift */,
				6528CD9D221A59A4004F10CD /* ObservableType+ObjectMapper.swift */,
				6528CD9E221A59A4004F10CD /* Single+ObjectMapper.swift */,
			);
			path = RxSwift;
			sourceTree = "<group>";
		};
		6528CDAC221A9340004F10CD /* 50.第三方透明指示器MBProgressHUD使用详解1（安装配置、基本用法） */ = {
			isa = PBXGroup;
			children = (
				6528CDAD221A9352004F10CD /* MBProgressHUDUseViewController.swift */,
			);
			path = "50.第三方透明指示器MBProgressHUD使用详解1（安装配置、基本用法）";
			sourceTree = "<group>";
		};
		6528CDB5221A9508004F10CD /* MBPUD */ = {
			isa = PBXGroup;
			children = (
				6528CDB6221A9508004F10CD /* MBProgressHUD.m */,
				6528CDB7221A9508004F10CD /* MBProgressHUD.h */,
			);
			path = MBPUD;
			sourceTree = "<group>";
		};
		6528CDCF221AAC7B004F10CD /* 51.第三方透明指示器MBProgressHUD使用详解2（样式修改、自定义视图） */ = {
			isa = PBXGroup;
			children = (
				6528CDD0221AACB6004F10CD /* MBProgressHUDUseTwoViewController.swift */,
			);
			path = "51.第三方透明指示器MBProgressHUD使用详解2（样式修改、自定义视图）";
			sourceTree = "<group>";
		};
		658ADD5B224CC67B003F989B /* 53.第三方透明指示器SwiftNotice使用详解 */ = {
			isa = PBXGroup;
			children = (
				658ADD5C224CC6BF003F989B /* SwiftNoticeViewController.swift */,
			);
			path = "53.第三方透明指示器SwiftNotice使用详解";
			sourceTree = "<group>";
		};
		658ADD89224CD084003F989B /* 54.RxSwift的使用详解（MVVM架构演示1：基本介绍、与MVC比较） */ = {
			isa = PBXGroup;
			children = (
				658ADD8A224CD644003F989B /* MVVMViewController.swift */,
			);
			path = "54.RxSwift的使用详解（MVVM架构演示1：基本介绍、与MVC比较）";
			sourceTree = "<group>";
		};
		658ADD8C224CD90F003F989B /* ReactiveSwift */ = {
			isa = PBXGroup;
			children = (
				658ADD8D224CD90F003F989B /* SignalProducer+ObjectMapper.swift */,
			);
			path = ReactiveSwift;
			sourceTree = "<group>";
		};
		65D776602217F8E1007DA04A = {
			isa = PBXGroup;
			children = (
				658ADD87224CCDEF003F989B /* 53.顶部通知消息.png */,
				658ADD57224CC3DD003F989B /* 52.png */,
				6528CDCC221AA34E004F10CD /* 纯文字.png */,
				6528CDCB221AA34D004F10CD /* 菊花.png */,
				6528CDC8221AA33F004F10CD /* 纯文字标题 + 详情.png */,
				6528CDC7221AA33F004F10CD /* 菊花 + 文字.png */,
				6528CDC0221AA335004F10CD /* 饼状进度条.png */,
				6528CDC1221AA335004F10CD /* 带进度的提示框.png */,
				6528CDBF221AA335004F10CD /* 环形进度条.png */,
				6528CDC2221AA335004F10CD /* 菊花 + 文字标题 + 详情.png */,
				6528CD99221A47A5004F10CD /* 结合Moya使用2：结果处理、模型转换。png.png */,
				65D777372217FAE0007DA04A /* 不同的cell显示.png */,
				65D777392217FAE0007DA04A /* 单列的UIPickerView.png */,
				65D777382217FAE0007DA04A /* 豆瓣数据请求.png */,
				65D777352217FADF007DA04A /* 多列UIPickerView.png */,
				65D777362217FAE0007DA04A /* 可编辑表格.png */,
				65D7773C2217FAE1007DA04A /* 搜索框的tab.png */,
				65D7773A2217FAE0007DA04A /* 修改单元格高度.png */,
				65D7773B2217FAE0007DA04A /* 修改默认的样式UIPickerView.png */,
				65D7773D2217FAE1007DA04A /* 自定义双向绑定操作符（operator）.png */,
				65D7773E2217FAE1007DA04A /* 自定义UIPickerView.png */,
				6528CDD2221AAE79004F10CD /* 毛玻璃遮罩.png */,
				6528CDD4221AAF99004F10CD /* 提示框圆角值.png */,
				6528CDD6221AB0E1004F10CD /* 文字的颜色和字体.png */,
				6528CDD8221AB269004F10CD /* 提示框偏移量.png */,
				6528CDDA221AB31E004F10CD /* 提示框内边距.png */,
				6528CDDC221AB3DE004F10CD /* 提示框的最小尺寸.png */,
				6528CDDE221AB77C004F10CD /* 提示框中显示一个“打勾”的图标.png */,
				65D7766B2217F8E1007DA04A /* RXSwift学习 */,
				65D776802217F8E2007DA04A /* RXSwift学习Tests */,
				65D7768B2217F8E2007DA04A /* RXSwift学习UITests */,
				65D7766A2217F8E1007DA04A /* Products */,
				CDED46482514C367C0384CA6 /* Pods */,
				3F2F2BFFD94862FDBDFC62E9 /* Frameworks */,
			);
			sourceTree = "<group>";
		};
		65D7766A2217F8E1007DA04A /* Products */ = {
			isa = PBXGroup;
			children = (
				65D776692217F8E1007DA04A /* RXSwift学习.app */,
				65D7767D2217F8E2007DA04A /* RXSwift学习Tests.xctest */,
				65D776882217F8E2007DA04A /* RXSwift学习UITests.xctest */,
			);
			name = Products;
			sourceTree = "<group>";
		};
		65D7766B2217F8E1007DA04A /* RXSwift学习 */ = {
			isa = PBXGroup;
			children = (
				658ADD89224CD084003F989B /* 54.RxSwift的使用详解（MVVM架构演示1：基本介绍、与MVC比较） */,
				658ADD5B224CC67B003F989B /* 53.第三方透明指示器SwiftNotice使用详解 */,
				65FF5AA2224B83AE00687644 /* 52.第三方透明指示器MBProgressHUD使用详解3（封装常用方法） */,
				6528CDCF221AAC7B004F10CD /* 51.第三方透明指示器MBProgressHUD使用详解2（样式修改、自定义视图） */,
				6528CDAC221A9340004F10CD /* 50.第三方透明指示器MBProgressHUD使用详解1（安装配置、基本用法） */,
				6528CD96221A44CF004F10CD /* 49.结合Moya使用2：结果处理、模型转换 */,
				65D776B72217FA2A007DA04A /* 1.响应式编程与传统式编程的比较样例 */,
				65D776EC2217FA2C007DA04A /* 2.Observable介绍、创建可观察序列 */,
				65D776D02217FA2B007DA04A /* 3.Observable订阅、事件监听、订阅销毁 */,
				65D776D42217FA2B007DA04A /* 4.观察者1： AnyObserver、Binder */,
				65D776E02217FA2B007DA04A /* 5.观察者2： 自定义可绑定属性 */,
				65D7769C2217FA29007DA04A /* 6.Subjects、Variables */,
				65D776CE2217FA2A007DA04A /* 7.变换操作符：buffer、map、flatMap、scan等 */,
				65D776AF2217FA29007DA04A /* 8.过滤操作符：filter、take、skip等 */,
				65D776EE2217FA2C007DA04A /* 9.条件和布尔操作符（Conditional and Boolean Operators） */,
				65D776F62217FA2C007DA04A /* 10.结合操作符：startWith、merge、zip等 */,
				65D776BA2217FA2A007DA04A /* 11.算数&聚合操作符：toArray、reduce、concat */,
				65D776A02217FA29007DA04A /* 12.连接操作符：connect、publish、replay、multicast */,
				65D7769E2217FA29007DA04A /* 13.其他操作符：delay、materialize、timeout等 */,
				65D776C82217FA2A007DA04A /* 14.错误处理 */,
				65D7769A2217FA29007DA04A /* 15.调试操作 */,
				65D776B12217FA2A007DA04A /* 16.特征序列1：Single、Completable、Maybe */,
				65D776E22217FA2B007DA04A /* 17.特征序列2：Driver */,
				65D776B32217FA2A007DA04A /* 18.特征序列3：ControlProperty、 ControlEvent */,
				65D776BC2217FA2A007DA04A /* 19.调度器、subscribeOn、observeOn */,
				65D776AD2217FA29007DA04A /* 20.UI控件扩展1：UILabel */,
				65D776CA2217FA2A007DA04A /* 21.UI控件扩展2：UITextField、UITextView */,
				65D776B52217FA2A007DA04A /* 22.UI控件扩展3：UIButton、UIBarButtonItem */,
				65D776AB2217FA29007DA04A /* 23.UI控件扩展4：UISwitch、UISegmentedControl */,
				65D776F22217FA2C007DA04A /* 24.UIActivityIndicatorView 与 UIApplication */,
				65D776EA2217FA2C007DA04A /* 25.UISlider、UIStepper */,
				65D776DD2217FA2B007DA04A /* 26.双向绑定：<-> */,
				65D776A22217FA29007DA04A /* 27.UI控件扩展7：UIGestureRecognizer */,
				65D776D72217FA2B007DA04A /* 28.UI控件扩展8：UIDatePicker */,
				65D776BE2217FA2A007DA04A /* 29.UITableView的使用1：基本用法 */,
				65D776F02217FA2C007DA04A /* 30.UITableView的使用2：RxDataSources */,
				65D776C02217FA2A007DA04A /* 31.UITableView的使用3：刷新表格数据 */,
				65D776D22217FA2B007DA04A /* 32.UITableView的使用4：表格数据的搜索过滤 */,
				65D776C22217FA2A007DA04A /* 33.UITableView的使用5：可编辑表格 */,
				65D776FC2217FA2C007DA04A /* 34.UITableView的使用6：不同类型的单元格混用 */,
				65D776FA2217FA2C007DA04A /* 35.UITableView的使用7：样式修改 */,
				65D776A42217FA29007DA04A /* 36.UICollectionView的使用1：基本用法 */,
				65D776D92217FA2B007DA04A /* 37.UICollectionView的使用2：RxDataSources */,
				65D776F82217FA2C007DA04A /* 38.UICollectionView的使用3：刷新集合数据 */,
				65D776E42217FA2B007DA04A /* 39.UICollectionView的使用4：样式修改 */,
				65D776C42217FA2A007DA04A /* 40.UIPickerView的使用 */,
				65D776C62217FA2A007DA04A /* 41.[unowned self] 与 [weak self] */,
				65D776E62217FA2C007DA04A /* 42.URLSession的使用1：请求数据 */,
				65D776F42217FA2C007DA04A /* 43.URLSession的使用2：结果处理、模型转换 */,
				65D776E82217FA2C007DA04A /* 44.结合RxAlamofire使用1：数据请求 */,
				65D776A72217FA29007DA04A /* 45.结合RxAlamofire使用2：结果处理、模型转换 */,
				65D776CC2217FA2A007DA04A /* 46.结合RxAlamofire使用3：文件上传 */,
				65D776A92217FA29007DA04A /* 47.结合RxAlamofire使用4：文件下载 */,
				65D776D62217FA2B007DA04A /* 48.结合Moya使用1：数据请求 */,
				6528CD9B221A59A4004F10CD /* Source */,
				65D7766C2217F8E1007DA04A /* AppDelegate.swift */,
				65D7766E2217F8E1007DA04A /* ViewController.swift */,
				6528CDBE221A9A0B004F10CD /* Swift-Brige-Objecctive-C.h */,
				65D776702217F8E1007DA04A /* Main.storyboard */,
				65D776732217F8E2007DA04A /* Assets.xcassets */,
				65D776752217F8E2007DA04A /* LaunchScreen.storyboard */,
				65D776782217F8E2007DA04A /* Info.plist */,
			);
			path = "RXSwift学习";
			sourceTree = "<group>";
		};
		65D776802217F8E2007DA04A /* RXSwift学习Tests */ = {
			isa = PBXGroup;
			children = (
				65D776812217F8E2007DA04A /* RXSwift__Tests.swift */,
				65D776832217F8E2007DA04A /* Info.plist */,
			);
			path = "RXSwift学习Tests";
			sourceTree = "<group>";
		};
		65D7768B2217F8E2007DA04A /* RXSwift学习UITests */ = {
			isa = PBXGroup;
			children = (
				65D7768C2217F8E2007DA04A /* RXSwift__UITests.swift */,
				65D7768E2217F8E2007DA04A /* Info.plist */,
			);
			path = "RXSwift学习UITests";
			sourceTree = "<group>";
		};
		65D7769A2217FA29007DA04A /* 15.调试操作 */ = {
			isa = PBXGroup;
			children = (
				65D7769B2217FA29007DA04A /* DebugViewController.swift */,
			);
			path = "15.调试操作";
			sourceTree = "<group>";
		};
		65D7769C2217FA29007DA04A /* 6.Subjects、Variables */ = {
			isa = PBXGroup;
			children = (
				65D7769D2217FA29007DA04A /* SubjectsViewController.swift */,
			);
			path = "6.Subjects、Variables";
			sourceTree = "<group>";
		};
		65D7769E2217FA29007DA04A /* 13.其他操作符：delay、materialize、timeout等 */ = {
			isa = PBXGroup;
			children = (
				65D7769F2217FA29007DA04A /* MaterializeViewController.swift */,
			);
			path = "13.其他操作符：delay、materialize、timeout等";
			sourceTree = "<group>";
		};
		65D776A02217FA29007DA04A /* 12.连接操作符：connect、publish、replay、multicast */ = {
			isa = PBXGroup;
			children = (
				65D776A12217FA29007DA04A /* ConnectViewController.swift */,
			);
			path = "12.连接操作符：connect、publish、replay、multicast";
			sourceTree = "<group>";
		};
		65D776A22217FA29007DA04A /* 27.UI控件扩展7：UIGestureRecognizer */ = {
			isa = PBXGroup;
			children = (
				65D776A32217FA29007DA04A /* UIGestureRecognizerViewController.swift */,
			);
			path = "27.UI控件扩展7：UIGestureRecognizer";
			sourceTree = "<group>";
		};
		65D776A42217FA29007DA04A /* 36.UICollectionView的使用1：基本用法 */ = {
			isa = PBXGroup;
			children = (
				65D776A52217FA29007DA04A /* BasicCollectionViewCell.swift */,
				65D776A62217FA29007DA04A /* BasicCollectionViewViewController.swift */,
			);
			path = "36.UICollectionView的使用1：基本用法";
			sourceTree = "<group>";
		};
		65D776A72217FA29007DA04A /* 45.结合RxAlamofire使用2：结果处理、模型转换 */ = {
			isa = PBXGroup;
			children = (
				65D776A82217FA29007DA04A /* RxAlamofireResultViewController.swift */,
			);
			path = "45.结合RxAlamofire使用2：结果处理、模型转换";
			sourceTree = "<group>";
		};
		65D776A92217FA29007DA04A /* 47.结合RxAlamofire使用4：文件下载 */ = {
			isa = PBXGroup;
			children = (
				65D776AA2217FA29007DA04A /* RxAlamofireUsefourViewController.swift */,
			);
			path = "47.结合RxAlamofire使用4：文件下载";
			sourceTree = "<group>";
		};
		65D776AB2217FA29007DA04A /* 23.UI控件扩展4：UISwitch、UISegmentedControl */ = {
			isa = PBXGroup;
			children = (
				65D776AC2217FA29007DA04A /* UISwitchUISegmentedControlViewController.swift */,
			);
			path = "23.UI控件扩展4：UISwitch、UISegmentedControl";
			sourceTree = "<group>";
		};
		65D776AD2217FA29007DA04A /* 20.UI控件扩展1：UILabel */ = {
			isa = PBXGroup;
			children = (
				65D776AE2217FA29007DA04A /* ExtensionLabelViewController.swift */,
			);
			path = "20.UI控件扩展1：UILabel";
			sourceTree = "<group>";
		};
		65D776AF2217FA29007DA04A /* 8.过滤操作符：filter、take、skip等 */ = {
			isa = PBXGroup;
			children = (
				65D776B02217FA29007DA04A /* FilterViewController.swift */,
			);
			path = "8.过滤操作符：filter、take、skip等";
			sourceTree = "<group>";
		};
		65D776B12217FA2A007DA04A /* 16.特征序列1：Single、Completable、Maybe */ = {
			isa = PBXGroup;
			children = (
				65D776B22217FA2A007DA04A /* SingleViewController.swift */,
			);
			path = "16.特征序列1：Single、Completable、Maybe";
			sourceTree = "<group>";
		};
		65D776B32217FA2A007DA04A /* 18.特征序列3：ControlProperty、 ControlEvent */ = {
			isa = PBXGroup;
			children = (
				65D776B42217FA2A007DA04A /* ControlPropertyViewController.swift */,
			);
			path = "18.特征序列3：ControlProperty、 ControlEvent";
			sourceTree = "<group>";
		};
		65D776B52217FA2A007DA04A /* 22.UI控件扩展3：UIButton、UIBarButtonItem */ = {
			isa = PBXGroup;
			children = (
				65D776B62217FA2A007DA04A /* ButtonAndBarButtonItemViewController.swift */,
			);
			path = "22.UI控件扩展3：UIButton、UIBarButtonItem";
			sourceTree = "<group>";
		};
		65D776B72217FA2A007DA04A /* 1.响应式编程与传统式编程的比较样例 */ = {
			isa = PBXGroup;
			children = (
				65D776B92217FA2A007DA04A /* ObservableViewControllerCreate.swift */,
			);
			path = "1.响应式编程与传统式编程的比较样例";
			sourceTree = "<group>";
		};
		65D776BA2217FA2A007DA04A /* 11.算数&聚合操作符：toArray、reduce、concat */ = {
			isa = PBXGroup;
			children = (
				65D776BB2217FA2A007DA04A /* ToArrayViewController.swift */,
			);
			path = "11.算数&聚合操作符：toArray、reduce、concat";
			sourceTree = "<group>";
		};
		65D776BC2217FA2A007DA04A /* 19.调度器、subscribeOn、observeOn */ = {
			isa = PBXGroup;
			children = (
				65D776BD2217FA2A007DA04A /* SubscribeOnViewController.swift */,
			);
			path = "19.调度器、subscribeOn、observeOn";
			sourceTree = "<group>";
		};
		65D776BE2217FA2A007DA04A /* 29.UITableView的使用1：基本用法 */ = {
			isa = PBXGroup;
			children = (
				65D776BF2217FA2A007DA04A /* UITableViewUserdViewController.swift */,
			);
			path = "29.UITableView的使用1：基本用法";
			sourceTree = "<group>";
		};
		65D776C02217FA2A007DA04A /* 31.UITableView的使用3：刷新表格数据 */ = {
			isa = PBXGroup;
			children = (
				65D776C12217FA2A007DA04A /* UITableViewRefreshViewController.swift */,
			);
			path = "31.UITableView的使用3：刷新表格数据";
			sourceTree = "<group>";
		};
		65D776C22217FA2A007DA04A /* 33.UITableView的使用5：可编辑表格 */ = {
			isa = PBXGroup;
			children = (
				65D776C32217FA2A007DA04A /* EditTabViewController.swift */,
			);
			path = "33.UITableView的使用5：可编辑表格";
			sourceTree = "<group>";
		};
		65D776C42217FA2A007DA04A /* 40.UIPickerView的使用 */ = {
			isa = PBXGroup;
			children = (
				65D776C52217FA2A007DA04A /* UIPickerViewBasicViewController.swift */,
			);
			path = "40.UIPickerView的使用";
			sourceTree = "<group>";
		};
		65D776C62217FA2A007DA04A /* 41.[unowned self] 与 [weak self] */ = {
			isa = PBXGroup;
			children = (
				65D776C72217FA2A007DA04A /* WeakSelfViewController.swift */,
			);
			path = "41.[unowned self] 与 [weak self]";
			sourceTree = "<group>";
		};
		65D776C82217FA2A007DA04A /* 14.错误处理 */ = {
			isa = PBXGroup;
			children = (
				65D776C92217FA2A007DA04A /* ErrorHandlingOperatorsViewController.swift */,
			);
			path = "14.错误处理";
			sourceTree = "<group>";
		};
		65D776CA2217FA2A007DA04A /* 21.UI控件扩展2：UITextField、UITextView */ = {
			isa = PBXGroup;
			children = (
				65D776CB2217FA2A007DA04A /* UITextFieldUITextViewViewController.swift */,
			);
			path = "21.UI控件扩展2：UITextField、UITextView";
			sourceTree = "<group>";
		};
		65D776CC2217FA2A007DA04A /* 46.结合RxAlamofire使用3：文件上传 */ = {
			isa = PBXGroup;
			children = (
				65D776CD2217FA2A007DA04A /* RxAlamofireUseViewController.swift */,
			);
			path = "46.结合RxAlamofire使用3：文件上传";
			sourceTree = "<group>";
		};
		65D776CE2217FA2A007DA04A /* 7.变换操作符：buffer、map、flatMap、scan等 */ = {
			isa = PBXGroup;
			children = (
				65D776CF2217FA2A007DA04A /* BufferViewController.swift */,
			);
			path = "7.变换操作符：buffer、map、flatMap、scan等";
			sourceTree = "<group>";
		};
		65D776D02217FA2B007DA04A /* 3.Observable订阅、事件监听、订阅销毁 */ = {
			isa = PBXGroup;
			children = (
				65D776D12217FA2B007DA04A /* ObservableViewController.swift */,
			);
			path = "3.Observable订阅、事件监听、订阅销毁";
			sourceTree = "<group>";
		};
		65D776D22217FA2B007DA04A /* 32.UITableView的使用4：表格数据的搜索过滤 */ = {
			isa = PBXGroup;
			children = (
				65D776D32217FA2B007DA04A /* UITableViewFiltrationViewController.swift */,
			);
			path = "32.UITableView的使用4：表格数据的搜索过滤";
			sourceTree = "<group>";
		};
		65D776D42217FA2B007DA04A /* 4.观察者1： AnyObserver、Binder */ = {
			isa = PBXGroup;
			children = (
				65D776D52217FA2B007DA04A /* AnyObserverViewController.swift */,
			);
			path = "4.观察者1： AnyObserver、Binder";
			sourceTree = "<group>";
		};
		65D776D62217FA2B007DA04A /* 48.结合Moya使用1：数据请求 */ = {
			isa = PBXGroup;
			children = (
				65D777492217FB96007DA04A /* MoyaUseViewController.swift */,
				65D7774B2218060C007DA04A /* DouBanAPI.swift */,
			);
			path = "48.结合Moya使用1：数据请求";
			sourceTree = "<group>";
		};
		65D776D72217FA2B007DA04A /* 28.UI控件扩展8：UIDatePicker */ = {
			isa = PBXGroup;
			children = (
				65D776D82217FA2B007DA04A /* UIDatePickerViewController.swift */,
			);
			path = "28.UI控件扩展8：UIDatePicker";
			sourceTree = "<group>";
		};
		65D776D92217FA2B007DA04A /* 37.UICollectionView的使用2：RxDataSources */ = {
			isa = PBXGroup;
			children = (
				65D776DA2217FA2B007DA04A /* UICollectionRxDataSourcesViewController.swift */,
				65D776DB2217FA2B007DA04A /* MyCollectionViewCell.swift */,
				65D776DC2217FA2B007DA04A /* MySectionHeader.swift */,
			);
			path = "37.UICollectionView的使用2：RxDataSources";
			sourceTree = "<group>";
		};
		65D776DD2217FA2B007DA04A /* 26.双向绑定：<-> */ = {
			isa = PBXGroup;
			children = (
				65D776DE2217FA2B007DA04A /* ShaungxiangbangdingViewController.swift */,
				65D776DF2217FA2B007DA04A /* Operators.swift */,
			);
			path = "26.双向绑定：<->";
			sourceTree = "<group>";
		};
		65D776E02217FA2B007DA04A /* 5.观察者2： 自定义可绑定属性 */ = {
			isa = PBXGroup;
			children = (
				65D776E12217FA2B007DA04A /* SelfObservableViewController.swift */,
			);
			path = "5.观察者2： 自定义可绑定属性";
			sourceTree = "<group>";
		};
		65D776E22217FA2B007DA04A /* 17.特征序列2：Driver */ = {
			isa = PBXGroup;
			children = (
				65D776E32217FA2B007DA04A /* DriverViewController.swift */,
			);
			path = "17.特征序列2：Driver";
			sourceTree = "<group>";
		};
		65D776E42217FA2B007DA04A /* 39.UICollectionView的使用4：样式修改 */ = {
			isa = PBXGroup;
			children = (
				65D776E52217FA2B007DA04A /* UICollectionViewStyleEditViewController.swift */,
			);
			path = "39.UICollectionView的使用4：样式修改";
			sourceTree = "<group>";
		};
		65D776E62217FA2C007DA04A /* 42.URLSession的使用1：请求数据 */ = {
			isa = PBXGroup;
			children = (
				65D776E72217FA2C007DA04A /* URLSessionViewController.swift */,
			);
			path = "42.URLSession的使用1：请求数据";
			sourceTree = "<group>";
		};
		65D776E82217FA2C007DA04A /* 44.结合RxAlamofire使用1：数据请求 */ = {
			isa = PBXGroup;
			children = (
				65D776E92217FA2C007DA04A /* RxAlamofireBasicViewController.swift */,
			);
			path = "44.结合RxAlamofire使用1：数据请求";
			sourceTree = "<group>";
		};
		65D776EA2217FA2C007DA04A /* 25.UISlider、UIStepper */ = {
			isa = PBXGroup;
			children = (
				65D776EB2217FA2C007DA04A /* UISliderAndUIStepperViewController.swift */,
			);
			path = "25.UISlider、UIStepper";
			sourceTree = "<group>";
		};
		65D776EC2217FA2C007DA04A /* 2.Observable介绍、创建可观察序列 */ = {
			isa = PBXGroup;
			children = (
				65D776ED2217FA2C007DA04A /* OrderObservableViewController.swift */,
			);
			path = "2.Observable介绍、创建可观察序列";
			sourceTree = "<group>";
		};
		65D776EE2217FA2C007DA04A /* 9.条件和布尔操作符（Conditional and Boolean Operators） */ = {
			isa = PBXGroup;
			children = (
				65D776EF2217FA2C007DA04A /* ConditionalAndBooleanOperatorsViewController.swift */,
			);
			path = "9.条件和布尔操作符（Conditional and Boolean Operators）";
			sourceTree = "<group>";
		};
		65D776F02217FA2C007DA04A /* 30.UITableView的使用2：RxDataSources */ = {
			isa = PBXGroup;
			children = (
				65D776F12217FA2C007DA04A /* TabRxDataSourcesViewController.swift */,
			);
			path = "30.UITableView的使用2：RxDataSources";
			sourceTree = "<group>";
		};
		65D776F22217FA2C007DA04A /* 24.UIActivityIndicatorView 与 UIApplication */ = {
			isa = PBXGroup;
			children = (
				65D776F32217FA2C007DA04A /* UIActivityIndicatorViewAndUIApplicationViewController.swift */,
			);
			path = "24.UIActivityIndicatorView 与 UIApplication";
			sourceTree = "<group>";
		};
		65D776F42217FA2C007DA04A /* 43.URLSession的使用2：结果处理、模型转换 */ = {
			isa = PBXGroup;
			children = (
				65D776F52217FA2C007DA04A /* ModelViewController.swift */,
			);
			path = "43.URLSession的使用2：结果处理、模型转换";
			sourceTree = "<group>";
		};
		65D776F62217FA2C007DA04A /* 10.结合操作符：startWith、merge、zip等 */ = {
			isa = PBXGroup;
			children = (
				65D776F72217FA2C007DA04A /* StartWithViewController.swift */,
			);
			path = "10.结合操作符：startWith、merge、zip等";
			sourceTree = "<group>";
		};
		65D776F82217FA2C007DA04A /* 38.UICollectionView的使用3：刷新集合数据 */ = {
			isa = PBXGroup;
			children = (
				65D776F92217FA2C007DA04A /* UICollectionRefreshViewController.swift */,
			);
			path = "38.UICollectionView的使用3：刷新集合数据";
			sourceTree = "<group>";
		};
		65D776FA2217FA2C007DA04A /* 35.UITableView的使用7：样式修改 */ = {
			isa = PBXGroup;
			children = (
				65D776FB2217FA2C007DA04A /* UITableViewExchangeViewController.swift */,
			);
			path = "35.UITableView的使用7：样式修改";
			sourceTree = "<group>";
		};
		65D776FC2217FA2C007DA04A /* 34.UITableView的使用6：不同类型的单元格混用 */ = {
			isa = PBXGroup;
			children = (
				65D776FD2217FA2C007DA04A /* UITableViewDifferentViewController.swift */,
				65D776FE2217FA2C007DA04A /* DifferentSwitchTableViewCell.swift */,
				65D776FF2217FA2C007DA04A /* DifferentImageViewTableViewCell.swift */,
			);
			path = "34.UITableView的使用6：不同类型的单元格混用";
			sourceTree = "<group>";
		};
		65FF5AA2224B83AE00687644 /* 52.第三方透明指示器MBProgressHUD使用详解3（封装常用方法） */ = {
			isa = PBXGroup;
			children = (
				658ADD55224CBE67003F989B /* MBProgressHUDExtension.swift */,
				658ADD59224CC54E003F989B /* MbExtensionViewController.swift */,
			);
			path = "52.第三方透明指示器MBProgressHUD使用详解3（封装常用方法）";
			sourceTree = "<group>";
		};
		CDED46482514C367C0384CA6 /* Pods */ = {
			isa = PBXGroup;
			children = (
				DE383576E1ADA7BAAE24D2FF /* Pods-RXSwift学习.debug.xcconfig */,
				90686447E2C47CEB69143743 /* Pods-RXSwift学习.release.xcconfig */,
			);
			name = Pods;
			sourceTree = "<group>";
		};
/* End PBXGroup section */

/* Begin PBXNativeTarget section */
		65D776682217F8E1007DA04A /* RXSwift学习 */ = {
			isa = PBXNativeTarget;
			buildConfigurationList = 65D776912217F8E2007DA04A /* Build configuration list for PBXNativeTarget "RXSwift学习" */;
			buildPhases = (
				1013A6E277A31D49186A7F51 /* [CP] Check Pods Manifest.lock */,
				65D776652217F8E1007DA04A /* Sources */,
				65D776662217F8E1007DA04A /* Frameworks */,
				65D776672217F8E1007DA04A /* Resources */,
			);
			buildRules = (
			);
			dependencies = (
			);
			name = "RXSwift学习";
			productName = "RXSwift学习";
			productReference = 65D776692217F8E1007DA04A /* RXSwift学习.app */;
			productType = "com.apple.product-type.application";
		};
		65D7767C2217F8E2007DA04A /* RXSwift学习Tests */ = {
			isa = PBXNativeTarget;
			buildConfigurationList = 65D776942217F8E2007DA04A /* Build configuration list for PBXNativeTarget "RXSwift学习Tests" */;
			buildPhases = (
				65D776792217F8E2007DA04A /* Sources */,
				65D7767A2217F8E2007DA04A /* Frameworks */,
				65D7767B2217F8E2007DA04A /* Resources */,
			);
			buildRules = (
			);
			dependencies = (
				65D7767F2217F8E2007DA04A /* PBXTargetDependency */,
			);
			name = "RXSwift学习Tests";
			productName = "RXSwift学习Tests";
			productReference = 65D7767D2217F8E2007DA04A /* RXSwift学习Tests.xctest */;
			productType = "com.apple.product-type.bundle.unit-test";
		};
		65D776872217F8E2007DA04A /* RXSwift学习UITests */ = {
			isa = PBXNativeTarget;
			buildConfigurationList = 65D776972217F8E2007DA04A /* Build configuration list for PBXNativeTarget "RXSwift学习UITests" */;
			buildPhases = (
				65D776842217F8E2007DA04A /* Sources */,
				65D776852217F8E2007DA04A /* Frameworks */,
				65D776862217F8E2007DA04A /* Resources */,
			);
			buildRules = (
			);
			dependencies = (
				65D7768A2217F8E2007DA04A /* PBXTargetDependency */,
			);
			name = "RXSwift学习UITests";
			productName = "RXSwift学习UITests";
			productReference = 65D776882217F8E2007DA04A /* RXSwift学习UITests.xctest */;
			productType = "com.apple.product-type.bundle.ui-testing";
		};
/* End PBXNativeTarget section */

/* Begin PBXProject section */
		65D776612217F8E1007DA04A /* Project object */ = {
			isa = PBXProject;
			attributes = {
				LastSwiftUpdateCheck = 1010;
				LastUpgradeCheck = 1010;
				ORGANIZATIONNAME = fulihao;
				TargetAttributes = {
					65D776682217F8E1007DA04A = {
						CreatedOnToolsVersion = 10.1;
					};
					65D7767C2217F8E2007DA04A = {
						CreatedOnToolsVersion = 10.1;
						TestTargetID = 65D776682217F8E1007DA04A;
					};
					65D776872217F8E2007DA04A = {
						CreatedOnToolsVersion = 10.1;
						TestTargetID = 65D776682217F8E1007DA04A;
					};
				};
			};
			buildConfigurationList = 65D776642217F8E1007DA04A /* Build configuration list for PBXProject "RXSwift学习" */;
			compatibilityVersion = "Xcode 9.3";
			developmentRegion = en;
			hasScannedForEncodings = 0;
			knownRegions = (
				en,
				Base,
			);
			mainGroup = 65D776602217F8E1007DA04A;
			productRefGroup = 65D7766A2217F8E1007DA04A /* Products */;
			projectDirPath = "";
			projectRoot = "";
			targets = (
				65D776682217F8E1007DA04A /* RXSwift学习 */,
				65D7767C2217F8E2007DA04A /* RXSwift学习Tests */,
				65D776872217F8E2007DA04A /* RXSwift学习UITests */,
			);
		};
/* End PBXProject section */

/* Begin PBXResourcesBuildPhase section */
		65D776672217F8E1007DA04A /* Resources */ = {
			isa = PBXResourcesBuildPhase;
			buildActionMask = 2147483647;
			files = (
				6528CDC4221AA336004F10CD /* 饼状进度条.png in Resources */,
				6528CDD5221AAF99004F10CD /* 提示框圆角值.png in Resources */,
				6528CDD9221AB269004F10CD /* 提示框偏移量.png in Resources */,
				6528CDD7221AB0E1004F10CD /* 文字的颜色和字体.png in Resources */,
				65D777442217FAE1007DA04A /* 修改单元格高度.png in Resources */,
				65D776772217F8E2007DA04A /* LaunchScreen.storyboard in Resources */,
				65D777412217FAE1007DA04A /* 不同的cell显示.png in Resources */,
				65D7773F2217FAE1007DA04A /* 多列UIPickerView.png in Resources */,
				65D776742217F8E2007DA04A /* Assets.xcassets in Resources */,
				6528CDC3221AA336004F10CD /* 环形进度条.png in Resources */,
				658ADD58224CC3DD003F989B /* 52.png in Resources */,
				65D777482217FAE1007DA04A /* 自定义UIPickerView.png in Resources */,
				65D777462217FAE1007DA04A /* 搜索框的tab.png in Resources */,
				65D776722217F8E1007DA04A /* Main.storyboard in Resources */,
				65D777432217FAE1007DA04A /* 单列的UIPickerView.png in Resources */,
				6528CD9A221A47A5004F10CD /* 结合Moya使用2：结果处理、模型转换。png.png in Resources */,
				658ADD88224CCDEF003F989B /* 53.顶部通知消息.png in Resources */,
				6528CDC5221AA336004F10CD /* 带进度的提示框.png in Resources */,
				6528CDDD221AB3DE004F10CD /* 提示框的最小尺寸.png in Resources */,
				6528CDDF221AB77D004F10CD /* 提示框中显示一个“打勾”的图标.png in Resources */,
				65D777472217FAE1007DA04A /* 自定义双向绑定操作符（operator）.png in Resources */,
				65D777422217FAE1007DA04A /* 豆瓣数据请求.png in Resources */,
				65D777452217FAE1007DA04A /* 修改默认的样式UIPickerView.png in Resources */,
				6528CDCD221AA34E004F10CD /* 菊花.png in Resources */,
				6528CDC9221AA340004F10CD /* 菊花 + 文字.png in Resources */,
				6528CDDB221AB31F004F10CD /* 提示框内边距.png in Resources */,
				6528CDC6221AA336004F10CD /* 菊花 + 文字标题 + 详情.png in Resources */,
				65D777402217FAE1007DA04A /* 可编辑表格.png in Resources */,
				6528CDD3221AAE79004F10CD /* 毛玻璃遮罩.png in Resources */,
				6528CDCA221AA340004F10CD /* 纯文字标题 + 详情.png in Resources */,
				6528CDCE221AA34E004F10CD /* 纯文字.png in Resources */,
			);
			runOnlyForDeploymentPostprocessing = 0;
		};
		65D7767B2217F8E2007DA04A /* Resources */ = {
			isa = PBXResourcesBuildPhase;
			buildActionMask = 2147483647;
			files = (
			);
			runOnlyForDeploymentPostprocessing = 0;
		};
		65D776862217F8E2007DA04A /* Resources */ = {
			isa = PBXResourcesBuildPhase;
			buildActionMask = 2147483647;
			files = (
			);
			runOnlyForDeploymentPostprocessing = 0;
		};
/* End PBXResourcesBuildPhase section */

/* Begin PBXShellScriptBuildPhase section */
		1013A6E277A31D49186A7F51 /* [CP] Check Pods Manifest.lock */ = {
			isa = PBXShellScriptBuildPhase;
			buildActionMask = 2147483647;
			files = (
			);
			inputPaths = (
				"${PODS_PODFILE_DIR_PATH}/Podfile.lock",
				"${PODS_ROOT}/Manifest.lock",
			);
			name = "[CP] Check Pods Manifest.lock";
			outputPaths = (
				"$(DERIVED_FILE_DIR)/Pods-RXSwift学习-checkManifestLockResult.txt",
			);
			runOnlyForDeploymentPostprocessing = 0;
			shellPath = /bin/sh;
			shellScript = "diff \"${PODS_PODFILE_DIR_PATH}/Podfile.lock\" \"${PODS_ROOT}/Manifest.lock\" > /dev/null\nif [ $? != 0 ] ; then\n    # print error to STDERR\n    echo \"error: The sandbox is not in sync with the Podfile.lock. Run 'pod install' or update your CocoaPods installation.\" >&2\n    exit 1\nfi\n# This output is used by Xcode 'outputs' to avoid re-running this script phase.\necho \"SUCCESS\" > \"${SCRIPT_OUTPUT_FILE_0}\"\n";
			showEnvVarsInLog = 0;
		};
/* End PBXShellScriptBuildPhase section */

/* Begin PBXSourcesBuildPhase section */
		65D776652217F8E1007DA04A /* Sources */ = {
			isa = PBXSourcesBuildPhase;
			buildActionMask = 2147483647;
			files = (
				65D7770B2217FA2D007DA04A /* FilterViewController.swift in Sources */,
				6528CDA3221A59A4004F10CD /* Single+ObjectMapper.swift in Sources */,
				658ADD8F224CD90F003F989B /* SignalProducer+ObjectMapper.swift in Sources */,
				65D777202217FA2D007DA04A /* MyCollectionViewCell.swift in Sources */,
				65D7771F2217FA2D007DA04A /* UICollectionRxDataSourcesViewController.swift in Sources */,
				65D777332217FA2D007DA04A /* DifferentSwitchTableViewCell.swift in Sources */,
				65D777292217FA2D007DA04A /* UISliderAndUIStepperViewController.swift in Sources */,
				65D777002217FA2D007DA04A /* DebugViewController.swift in Sources */,
				65D7772E2217FA2D007DA04A /* ModelViewController.swift in Sources */,
				65D7770E2217FA2D007DA04A /* ButtonAndBarButtonItemViewController.swift in Sources */,
				658ADD56224CBE67003F989B /* MBProgressHUDExtension.swift in Sources */,
				658ADD86224CC885003F989B /* SwiftNotice.swift in Sources */,
				65D777062217FA2D007DA04A /* BasicCollectionViewViewController.swift in Sources */,
				65D777082217FA2D007DA04A /* RxAlamofireUsefourViewController.swift in Sources */,
				658ADD5D224CC6BF003F989B /* SwiftNoticeViewController.swift in Sources */,
				65D7774C2218060C007DA04A /* DouBanAPI.swift in Sources */,
				65D7772B2217FA2D007DA04A /* ConditionalAndBooleanOperatorsViewController.swift in Sources */,
				65D777092217FA2D007DA04A /* UISwitchUISegmentedControlViewController.swift in Sources */,
				6528CDD1221AACB6004F10CD /* MBProgressHUDUseTwoViewController.swift in Sources */,
				65D777052217FA2D007DA04A /* BasicCollectionViewCell.swift in Sources */,
				65D7770C2217FA2D007DA04A /* SingleViewController.swift in Sources */,
				65D777262217FA2D007DA04A /* UICollectionViewStyleEditViewController.swift in Sources */,
				65D777152217FA2D007DA04A /* UIPickerViewBasicViewController.swift in Sources */,
				65D7771D2217FA2D007DA04A /* AnyObserverViewController.swift in Sources */,
				65D7771E2217FA2D007DA04A /* UIDatePickerViewController.swift in Sources */,
				65D777182217FA2D007DA04A /* UITextFieldUITextViewViewController.swift in Sources */,
				65D777012217FA2D007DA04A /* SubjectsViewController.swift in Sources */,
				65D7772A2217FA2D007DA04A /* OrderObservableViewController.swift in Sources */,
				65D777302217FA2D007DA04A /* UICollectionRefreshViewController.swift in Sources */,
				6528CDA7221A5BA2004F10CD /* ObjectMapperAndMoyaViewController.swift in Sources */,
				65D777312217FA2D007DA04A /* UITableViewExchangeViewController.swift in Sources */,
				65D777242217FA2D007DA04A /* SelfObservableViewController.swift in Sources */,
				65D777252217FA2D007DA04A /* DriverViewController.swift in Sources */,
				658ADD8B224CD644003F989B /* MVVMViewController.swift in Sources */,
				65D7766F2217F8E1007DA04A /* ViewController.swift in Sources */,
				65D777032217FA2D007DA04A /* ConnectViewController.swift in Sources */,
				65D777342217FA2D007DA04A /* DifferentImageViewTableViewCell.swift in Sources */,
				6528CD98221A44EF004F10CD /* MoyaUseTwoWayViewController.swift in Sources */,
				65D7771B2217FA2D007DA04A /* ObservableViewController.swift in Sources */,
				6528CDA9221A82C8004F10CD /* ObjectMapperNetPerfection ViewController.swift in Sources */,
				65D7772F2217FA2D007DA04A /* StartWithViewController.swift in Sources */,
				65D777122217FA2D007DA04A /* UITableViewUserdViewController.swift in Sources */,
				65D777072217FA2D007DA04A /* RxAlamofireResultViewController.swift in Sources */,
				6528CDB8221A9508004F10CD /* MBProgressHUD.m in Sources */,
				65D777212217FA2D007DA04A /* MySectionHeader.swift in Sources */,
				65D777112217FA2D007DA04A /* SubscribeOnViewController.swift in Sources */,
				65D7772C2217FA2D007DA04A /* TabRxDataSourcesViewController.swift in Sources */,
				65D7770D2217FA2D007DA04A /* ControlPropertyViewController.swift in Sources */,
				6528CDAE221A9352004F10CD /* MBProgressHUDUseViewController.swift in Sources */,
				6528CDAB221A869F004F10CD /* DouBanNetworkService.swift in Sources */,
				65D777172217FA2D007DA04A /* ErrorHandlingOperatorsViewController.swift in Sources */,
				65D7770F2217FA2D007DA04A /* ObservableViewControllerCreate.swift in Sources */,
				65D777232217FA2D007DA04A /* Operators.swift in Sources */,
				6528CDA2221A59A4004F10CD /* ObservableType+ObjectMapper.swift in Sources */,
				65D777192217FA2D007DA04A /* RxAlamofireUseViewController.swift in Sources */,
				65D7774A2217FB96007DA04A /* MoyaUseViewController.swift in Sources */,
				65D7771A2217FA2D007DA04A /* BufferViewController.swift in Sources */,
				65D777222217FA2D007DA04A /* ShaungxiangbangdingViewController.swift in Sources */,
				65D777132217FA2D007DA04A /* UITableViewRefreshViewController.swift in Sources */,
				65D777272217FA2D007DA04A /* URLSessionViewController.swift in Sources */,
				65D7766D2217F8E1007DA04A /* AppDelegate.swift in Sources */,
				6528CDA5221A59A4004F10CD /* Response+ObjectMapper.swift in Sources */,
				65D7771C2217FA2D007DA04A /* UITableViewFiltrationViewController.swift in Sources */,
				658ADD5A224CC54E003F989B /* MbExtensionViewController.swift in Sources */,
				65D777162217FA2D007DA04A /* WeakSelfViewController.swift in Sources */,
				65D777282217FA2D007DA04A /* RxAlamofireBasicViewController.swift in Sources */,
				65D777142217FA2D007DA04A /* EditTabViewController.swift in Sources */,
				65D777042217FA2D007DA04A /* UIGestureRecognizerViewController.swift in Sources */,
				658ADD90224CD90F003F989B /* Response+ObjectMapper.swift in Sources */,
				65D7770A2217FA2D007DA04A /* ExtensionLabelViewController.swift in Sources */,
				65D7772D2217FA2D007DA04A /* UIActivityIndicatorViewAndUIApplicationViewController.swift in Sources */,
				65D777022217FA2D007DA04A /* MaterializeViewController.swift in Sources */,
				65D777322217FA2D007DA04A /* UITableViewDifferentViewController.swift in Sources */,
				65D777102217FA2D007DA04A /* ToArrayViewController.swift in Sources */,
			);
			runOnlyForDeploymentPostprocessing = 0;
		};
		65D776792217F8E2007DA04A /* Sources */ = {
			isa = PBXSourcesBuildPhase;
			buildActionMask = 2147483647;
			files = (
				65D776822217F8E2007DA04A /* RXSwift__Tests.swift in Sources */,
			);
			runOnlyForDeploymentPostprocessing = 0;
		};
		65D776842217F8E2007DA04A /* Sources */ = {
			isa = PBXSourcesBuildPhase;
			buildActionMask = 2147483647;
			files = (
				65D7768D2217F8E2007DA04A /* RXSwift__UITests.swift in Sources */,
			);
			runOnlyForDeploymentPostprocessing = 0;
		};
/* End PBXSourcesBuildPhase section */

/* Begin PBXTargetDependency section */
		65D7767F2217F8E2007DA04A /* PBXTargetDependency */ = {
			isa = PBXTargetDependency;
			target = 65D776682217F8E1007DA04A /* RXSwift学习 */;
			targetProxy = 65D7767E2217F8E2007DA04A /* PBXContainerItemProxy */;
		};
		65D7768A2217F8E2007DA04A /* PBXTargetDependency */ = {
			isa = PBXTargetDependency;
			target = 65D776682217F8E1007DA04A /* RXSwift学习 */;
			targetProxy = 65D776892217F8E2007DA04A /* PBXContainerItemProxy */;
		};
/* End PBXTargetDependency section */

/* Begin PBXVariantGroup section */
		65D776702217F8E1007DA04A /* Main.storyboard */ = {
			isa = PBXVariantGroup;
			children = (
				65D776712217F8E1007DA04A /* Base */,
			);
			name = Main.storyboard;
			sourceTree = "<group>";
		};
		65D776752217F8E2007DA04A /* LaunchScreen.storyboard */ = {
			isa = PBXVariantGroup;
			children = (
				65D776762217F8E2007DA04A /* Base */,
			);
			name = LaunchScreen.storyboard;
			sourceTree = "<group>";
		};
/* End PBXVariantGroup section */

/* Begin XCBuildConfiguration section */
		65D7768F2217F8E2007DA04A /* Debug */ = {
			isa = XCBuildConfiguration;
			buildSettings = {
				ALWAYS_SEARCH_USER_PATHS = NO;
				CLANG_ANALYZER_NONNULL = YES;
				CLANG_ANALYZER_NUMBER_OBJECT_CONVERSION = YES_AGGRESSIVE;
				CLANG_CXX_LANGUAGE_STANDARD = "gnu++14";
				CLANG_CXX_LIBRARY = "libc++";
				CLANG_ENABLE_MODULES = YES;
				CLANG_ENABLE_OBJC_ARC = YES;
				CLANG_ENABLE_OBJC_WEAK = YES;
				CLANG_WARN_BLOCK_CAPTURE_AUTORELEASING = YES;
				CLANG_WARN_BOOL_CONVERSION = YES;
				CLANG_WARN_COMMA = YES;
				CLANG_WARN_CONSTANT_CONVERSION = YES;
				CLANG_WARN_DEPRECATED_OBJC_IMPLEMENTATIONS = YES;
				CLANG_WARN_DIRECT_OBJC_ISA_USAGE = YES_ERROR;
				CLANG_WARN_DOCUMENTATION_COMMENTS = YES;
				CLANG_WARN_EMPTY_BODY = YES;
				CLANG_WARN_ENUM_CONVERSION = YES;
				CLANG_WARN_INFINITE_RECURSION = YES;
				CLANG_WARN_INT_CONVERSION = YES;
				CLANG_WARN_NON_LITERAL_NULL_CONVERSION = YES;
				CLANG_WARN_OBJC_IMPLICIT_RETAIN_SELF = YES;
				CLANG_WARN_OBJC_LITERAL_CONVERSION = YES;
				CLANG_WARN_OBJC_ROOT_CLASS = YES_ERROR;
				CLANG_WARN_RANGE_LOOP_ANALYSIS = YES;
				CLANG_WARN_STRICT_PROTOTYPES = YES;
				CLANG_WARN_SUSPICIOUS_MOVE = YES;
				CLANG_WARN_UNGUARDED_AVAILABILITY = YES_AGGRESSIVE;
				CLANG_WARN_UNREACHABLE_CODE = YES;
				CLANG_WARN__DUPLICATE_METHOD_MATCH = YES;
				CODE_SIGN_IDENTITY = "iPhone Developer";
				COPY_PHASE_STRIP = NO;
				DEBUG_INFORMATION_FORMAT = dwarf;
				ENABLE_STRICT_OBJC_MSGSEND = YES;
				ENABLE_TESTABILITY = YES;
				GCC_C_LANGUAGE_STANDARD = gnu11;
				GCC_DYNAMIC_NO_PIC = NO;
				GCC_NO_COMMON_BLOCKS = YES;
				GCC_OPTIMIZATION_LEVEL = 0;
				GCC_PREPROCESSOR_DEFINITIONS = (
					"DEBUG=1",
					"$(inherited)",
				);
				GCC_WARN_64_TO_32_BIT_CONVERSION = YES;
				GCC_WARN_ABOUT_RETURN_TYPE = YES_ERROR;
				GCC_WARN_UNDECLARED_SELECTOR = YES;
				GCC_WARN_UNINITIALIZED_AUTOS = YES_AGGRESSIVE;
				GCC_WARN_UNUSED_FUNCTION = YES;
				GCC_WARN_UNUSED_VARIABLE = YES;
				IPHONEOS_DEPLOYMENT_TARGET = 12.1;
				MTL_ENABLE_DEBUG_INFO = INCLUDE_SOURCE;
				MTL_FAST_MATH = YES;
				ONLY_ACTIVE_ARCH = YES;
				SDKROOT = iphoneos;
				SWIFT_ACTIVE_COMPILATION_CONDITIONS = DEBUG;
				SWIFT_OPTIMIZATION_LEVEL = "-Onone";
			};
			name = Debug;
		};
		65D776902217F8E2007DA04A /* Release */ = {
			isa = XCBuildConfiguration;
			buildSettings = {
				ALWAYS_SEARCH_USER_PATHS = NO;
				CLANG_ANALYZER_NONNULL = YES;
				CLANG_ANALYZER_NUMBER_OBJECT_CONVERSION = YES_AGGRESSIVE;
				CLANG_CXX_LANGUAGE_STANDARD = "gnu++14";
				CLANG_CXX_LIBRARY = "libc++";
				CLANG_ENABLE_MODULES = YES;
				CLANG_ENABLE_OBJC_ARC = YES;
				CLANG_ENABLE_OBJC_WEAK = YES;
				CLANG_WARN_BLOCK_CAPTURE_AUTORELEASING = YES;
				CLANG_WARN_BOOL_CONVERSION = YES;
				CLANG_WARN_COMMA = YES;
				CLANG_WARN_CONSTANT_CONVERSION = YES;
				CLANG_WARN_DEPRECATED_OBJC_IMPLEMENTATIONS = YES;
				CLANG_WARN_DIRECT_OBJC_ISA_USAGE = YES_ERROR;
				CLANG_WARN_DOCUMENTATION_COMMENTS = YES;
				CLANG_WARN_EMPTY_BODY = YES;
				CLANG_WARN_ENUM_CONVERSION = YES;
				CLANG_WARN_INFINITE_RECURSION = YES;
				CLANG_WARN_INT_CONVERSION = YES;
				CLANG_WARN_NON_LITERAL_NULL_CONVERSION = YES;
				CLANG_WARN_OBJC_IMPLICIT_RETAIN_SELF = YES;
				CLANG_WARN_OBJC_LITERAL_CONVERSION = YES;
				CLANG_WARN_OBJC_ROOT_CLASS = YES_ERROR;
				CLANG_WARN_RANGE_LOOP_ANALYSIS = YES;
				CLANG_WARN_STRICT_PROTOTYPES = YES;
				CLANG_WARN_SUSPICIOUS_MOVE = YES;
				CLANG_WARN_UNGUARDED_AVAILABILITY = YES_AGGRESSIVE;
				CLANG_WARN_UNREACHABLE_CODE = YES;
				CLANG_WARN__DUPLICATE_METHOD_MATCH = YES;
				CODE_SIGN_IDENTITY = "iPhone Developer";
				COPY_PHASE_STRIP = NO;
				DEBUG_INFORMATION_FORMAT = "dwarf-with-dsym";
				ENABLE_NS_ASSERTIONS = NO;
				ENABLE_STRICT_OBJC_MSGSEND = YES;
				GCC_C_LANGUAGE_STANDARD = gnu11;
				GCC_NO_COMMON_BLOCKS = YES;
				GCC_WARN_64_TO_32_BIT_CONVERSION = YES;
				GCC_WARN_ABOUT_RETURN_TYPE = YES_ERROR;
				GCC_WARN_UNDECLARED_SELECTOR = YES;
				GCC_WARN_UNINITIALIZED_AUTOS = YES_AGGRESSIVE;
				GCC_WARN_UNUSED_FUNCTION = YES;
				GCC_WARN_UNUSED_VARIABLE = YES;
				IPHONEOS_DEPLOYMENT_TARGET = 12.1;
				MTL_ENABLE_DEBUG_INFO = NO;
				MTL_FAST_MATH = YES;
				SDKROOT = iphoneos;
				SWIFT_COMPILATION_MODE = wholemodule;
				SWIFT_OPTIMIZATION_LEVEL = "-O";
				VALIDATE_PRODUCT = YES;
			};
			name = Release;
		};
		65D776922217F8E2007DA04A /* Debug */ = {
			isa = XCBuildConfiguration;
			baseConfigurationReference = DE383576E1ADA7BAAE24D2FF /* Pods-RXSwift学习.debug.xcconfig */;
			buildSettings = {
				ASSETCATALOG_COMPILER_APPICON_NAME = AppIcon;
				CODE_SIGN_STYLE = Automatic;
				INFOPLIST_FILE = "RXSwift学习/Info.plist";
				IPHONEOS_DEPLOYMENT_TARGET = 9.0;
				LD_RUNPATH_SEARCH_PATHS = (
					"$(inherited)",
					"@executable_path/Frameworks",
				);
				PRODUCT_BUNDLE_IDENTIFIER = "com.goldenluch.sports.RXSwift--";
				PRODUCT_NAME = "$(TARGET_NAME)";
				SWIFT_OBJC_BRIDGING_HEADER = "RXSwift学习/Swift-Brige-Objecctive-C.h";
				SWIFT_VERSION = 4.2;
				TARGETED_DEVICE_FAMILY = "1,2";
			};
			name = Debug;
		};
		65D776932217F8E2007DA04A /* Release */ = {
			isa = XCBuildConfiguration;
			baseConfigurationReference = 90686447E2C47CEB69143743 /* Pods-RXSwift学习.release.xcconfig */;
			buildSettings = {
				ASSETCATALOG_COMPILER_APPICON_NAME = AppIcon;
				CODE_SIGN_STYLE = Automatic;
				INFOPLIST_FILE = "RXSwift学习/Info.plist";
				IPHONEOS_DEPLOYMENT_TARGET = 9.0;
				LD_RUNPATH_SEARCH_PATHS = (
					"$(inherited)",
					"@executable_path/Frameworks",
				);
				PRODUCT_BUNDLE_IDENTIFIER = "com.goldenluch.sports.RXSwift--";
				PRODUCT_NAME = "$(TARGET_NAME)";
				SWIFT_OBJC_BRIDGING_HEADER = "RXSwift学习/Swift-Brige-Objecctive-C.h";
				SWIFT_VERSION = 4.2;
				TARGETED_DEVICE_FAMILY = "1,2";
			};
			name = Release;
		};
		65D776952217F8E2007DA04A /* Debug */ = {
			isa = XCBuildConfiguration;
			buildSettings = {
				ALWAYS_EMBED_SWIFT_STANDARD_LIBRARIES = YES;
				BUNDLE_LOADER = "$(TEST_HOST)";
				CODE_SIGN_STYLE = Automatic;
				INFOPLIST_FILE = "RXSwift学习Tests/Info.plist";
				LD_RUNPATH_SEARCH_PATHS = (
					"$(inherited)",
					"@executable_path/Frameworks",
					"@loader_path/Frameworks",
				);
				PRODUCT_BUNDLE_IDENTIFIER = "com.goldenluch.sports.RXSwift--Tests";
				PRODUCT_NAME = "$(TARGET_NAME)";
				SWIFT_VERSION = 4.2;
				TARGETED_DEVICE_FAMILY = "1,2";
				TEST_HOST = "$(BUILT_PRODUCTS_DIR)/RXSwift学习.app/RXSwift学习";
			};
			name = Debug;
		};
		65D776962217F8E2007DA04A /* Release */ = {
			isa = XCBuildConfiguration;
			buildSettings = {
				ALWAYS_EMBED_SWIFT_STANDARD_LIBRARIES = YES;
				BUNDLE_LOADER = "$(TEST_HOST)";
				CODE_SIGN_STYLE = Automatic;
				INFOPLIST_FILE = "RXSwift学习Tests/Info.plist";
				LD_RUNPATH_SEARCH_PATHS = (
					"$(inherited)",
					"@executable_path/Frameworks",
					"@loader_path/Frameworks",
				);
				PRODUCT_BUNDLE_IDENTIFIER = "com.goldenluch.sports.RXSwift--Tests";
				PRODUCT_NAME = "$(TARGET_NAME)";
				SWIFT_VERSION = 4.2;
				TARGETED_DEVICE_FAMILY = "1,2";
				TEST_HOST = "$(BUILT_PRODUCTS_DIR)/RXSwift学习.app/RXSwift学习";
			};
			name = Release;
		};
		65D776982217F8E2007DA04A /* Debug */ = {
			isa = XCBuildConfiguration;
			buildSettings = {
				ALWAYS_EMBED_SWIFT_STANDARD_LIBRARIES = YES;
				CODE_SIGN_STYLE = Automatic;
				INFOPLIST_FILE = "RXSwift学习UITests/Info.plist";
				LD_RUNPATH_SEARCH_PATHS = (
					"$(inherited)",
					"@executable_path/Frameworks",
					"@loader_path/Frameworks",
				);
				PRODUCT_BUNDLE_IDENTIFIER = "com.goldenluch.sports.RXSwift--UITests";
				PRODUCT_NAME = "$(TARGET_NAME)";
				SWIFT_VERSION = 4.2;
				TARGETED_DEVICE_FAMILY = "1,2";
				TEST_TARGET_NAME = "RXSwift学习";
			};
			name = Debug;
		};
		65D776992217F8E2007DA04A /* Release */ = {
			isa = XCBuildConfiguration;
			buildSettings = {
				ALWAYS_EMBED_SWIFT_STANDARD_LIBRARIES = YES;
				CODE_SIGN_STYLE = Automatic;
				INFOPLIST_FILE = "RXSwift学习UITests/Info.plist";
				LD_RUNPATH_SEARCH_PATHS = (
					"$(inherited)",
					"@executable_path/Frameworks",
					"@loader_path/Frameworks",
				);
				PRODUCT_BUNDLE_IDENTIFIER = "com.goldenluch.sports.RXSwift--UITests";
				PRODUCT_NAME = "$(TARGET_NAME)";
				SWIFT_VERSION = 4.2;
				TARGETED_DEVICE_FAMILY = "1,2";
				TEST_TARGET_NAME = "RXSwift学习";
			};
			name = Release;
		};
/* End XCBuildConfiguration section */

/* Begin XCConfigurationList section */
		65D776642217F8E1007DA04A /* Build configuration list for PBXProject "RXSwift学习" */ = {
			isa = XCConfigurationList;
			buildConfigurations = (
				65D7768F2217F8E2007DA04A /* Debug */,
				65D776902217F8E2007DA04A /* Release */,
			);
			defaultConfigurationIsVisible = 0;
			defaultConfigurationName = Release;
		};
		65D776912217F8E2007DA04A /* Build configuration list for PBXNativeTarget "RXSwift学习" */ = {
			isa = XCConfigurationList;
			buildConfigurations = (
				65D776922217F8E2007DA04A /* Debug */,
				65D776932217F8E2007DA04A /* Release */,
			);
			defaultConfigurationIsVisible = 0;
			defaultConfigurationName = Release;
		};
		65D776942217F8E2007DA04A /* Build configuration list for PBXNativeTarget "RXSwift学习Tests" */ = {
			isa = XCConfigurationList;
			buildConfigurations = (
				65D776952217F8E2007DA04A /* Debug */,
				65D776962217F8E2007DA04A /* Release */,
			);
			defaultConfigurationIsVisible = 0;
			defaultConfigurationName = Release;
		};
		65D776972217F8E2007DA04A /* Build configuration list for PBXNativeTarget "RXSwift学习UITests" */ = {
			isa = XCConfigurationList;
			buildConfigurations = (
				65D776982217F8E2007DA04A /* Debug */,
				65D776992217F8E2007DA04A /* Release */,
			);
			defaultConfigurationIsVisible = 0;
			defaultConfigurationName = Release;
		};
/* End XCConfigurationList section */
	};
	rootObject = 65D776612217F8E1007DA04A /* Project object */;
}
