// !$*UTF8*$!
{
	archiveVersion = 1;
	classes = {
	};
	objectVersion = 50;
	objects = {

/* Begin PBXBuildFile section */
		6580462F21D377D3003D43FC /* AppDelegate.swift in Sources */ = {isa = PBXBuildFile; fileRef = 6580462E21D377D3003D43FC /* AppDelegate.swift */; };
		6580463121D377D3003D43FC /* ViewController.swift in Sources */ = {isa = PBXBuildFile; fileRef = 6580463021D377D3003D43FC /* ViewController.swift */; };
		6580463421D377D3003D43FC /* Main.storyboard in Resources */ = {isa = PBXBuildFile; fileRef = 6580463221D377D3003D43FC /* Main.storyboard */; };
		6580463621D377D4003D43FC /* Assets.xcassets in Resources */ = {isa = PBXBuildFile; fileRef = 6580463521D377D4003D43FC /* Assets.xcassets */; };
		6580463921D377D4003D43FC /* LaunchScreen.storyboard in Resources */ = {isa = PBXBuildFile; fileRef = 6580463721D377D4003D43FC /* LaunchScreen.storyboard */; };
		6580464421D377D5003D43FC /* RXSwiftTests.swift in Sources */ = {isa = PBXBuildFile; fileRef = 6580464321D377D5003D43FC /* RXSwiftTests.swift */; };
		6580464F21D377D5003D43FC /* RXSwiftUITests.swift in Sources */ = {isa = PBXBuildFile; fileRef = 6580464E21D377D5003D43FC /* RXSwiftUITests.swift */; };
/* End PBXBuildFile section */

/* Begin PBXContainerItemProxy section */
		6580464021D377D5003D43FC /* PBXContainerItemProxy */ = {
			isa = PBXContainerItemProxy;
			containerPortal = 6580462321D377D3003D43FC /* Project object */;
			proxyType = 1;
			remoteGlobalIDString = 6580462A21D377D3003D43FC;
			remoteInfo = RXSwift;
		};
		6580464B21D377D5003D43FC /* PBXContainerItemProxy */ = {
			isa = PBXContainerItemProxy;
			containerPortal = 6580462321D377D3003D43FC /* Project object */;
			proxyType = 1;
			remoteGlobalIDString = 6580462A21D377D3003D43FC;
			remoteInfo = RXSwift;
		};
/* End PBXContainerItemProxy section */

/* Begin PBXFileReference section */
		6580462B21D377D3003D43FC /* RXSwift.app */ = {isa = PBXFileReference; explicitFileType = wrapper.application; includeInIndex = 0; path = RXSwift.app; sourceTree = BUILT_PRODUCTS_DIR; };
		6580462E21D377D3003D43FC /* AppDelegate.swift */ = {isa = PBXFileReference; lastKnownFileType = sourcecode.swift; path = AppDelegate.swift; sourceTree = "<group>"; };
		6580463021D377D3003D43FC /* ViewController.swift */ = {isa = PBXFileReference; lastKnownFileType = sourcecode.swift; path = ViewController.swift; sourceTree = "<group>"; };
		6580463321D377D3003D43FC /* Base */ = {isa = PBXFileReference; lastKnownFileType = file.storyboard; name = Base; path = Base.lproj/Main.storyboard; sourceTree = "<group>"; };
		6580463521D377D4003D43FC /* Assets.xcassets */ = {isa = PBXFileReference; lastKnownFileType = folder.assetcatalog; path = Assets.xcassets; sourceTree = "<group>"; };
		6580463821D377D4003D43FC /* Base */ = {isa = PBXFileReference; lastKnownFileType = file.storyboard; name = Base; path = Base.lproj/LaunchScreen.storyboard; sourceTree = "<group>"; };
		6580463A21D377D4003D43FC /* Info.plist */ = {isa = PBXFileReference; lastKnownFileType = text.plist.xml; path = Info.plist; sourceTree = "<group>"; };
		6580463F21D377D5003D43FC /* RXSwiftTests.xctest */ = {isa = PBXFileReference; explicitFileType = wrapper.cfbundle; includeInIndex = 0; path = RXSwiftTests.xctest; sourceTree = BUILT_PRODUCTS_DIR; };
		6580464321D377D5003D43FC /* RXSwiftTests.swift */ = {isa = PBXFileReference; lastKnownFileType = sourcecode.swift; path = RXSwiftTests.swift; sourceTree = "<group>"; };
		6580464521D377D5003D43FC /* Info.plist */ = {isa = PBXFileReference; lastKnownFileType = text.plist.xml; path = Info.plist; sourceTree = "<group>"; };
		6580464A21D377D5003D43FC /* RXSwiftUITests.xctest */ = {isa = PBXFileReference; explicitFileType = wrapper.cfbundle; includeInIndex = 0; path = RXSwiftUITests.xctest; sourceTree = BUILT_PRODUCTS_DIR; };
		6580464E21D377D5003D43FC /* RXSwiftUITests.swift */ = {isa = PBXFileReference; lastKnownFileType = sourcecode.swift; path = RXSwiftUITests.swift; sourceTree = "<group>"; };
		6580465021D377D5003D43FC /* Info.plist */ = {isa = PBXFileReference; lastKnownFileType = text.plist.xml; path = Info.plist; sourceTree = "<group>"; };
/* End PBXFileReference section */

/* Begin PBXFrameworksBuildPhase section */
		6580462821D377D3003D43FC /* Frameworks */ = {
			isa = PBXFrameworksBuildPhase;
			buildActionMask = 2147483647;
			files = (
			);
			runOnlyForDeploymentPostprocessing = 0;
		};
		6580463C21D377D5003D43FC /* Frameworks */ = {
			isa = PBXFrameworksBuildPhase;
			buildActionMask = 2147483647;
			files = (
			);
			runOnlyForDeploymentPostprocessing = 0;
		};
		6580464721D377D5003D43FC /* Frameworks */ = {
			isa = PBXFrameworksBuildPhase;
			buildActionMask = 2147483647;
			files = (
			);
			runOnlyForDeploymentPostprocessing = 0;
		};
/* End PBXFrameworksBuildPhase section */

/* Begin PBXGroup section */
		6580462221D377D3003D43FC = {
			isa = PBXGroup;
			children = (
				6580462D21D377D3003D43FC /* RXSwift */,
				6580464221D377D5003D43FC /* RXSwiftTests */,
				6580464D21D377D5003D43FC /* RXSwiftUITests */,
				6580462C21D377D3003D43FC /* Products */,
			);
			sourceTree = "<group>";
		};
		6580462C21D377D3003D43FC /* Products */ = {
			isa = PBXGroup;
			children = (
				6580462B21D377D3003D43FC /* RXSwift.app */,
				6580463F21D377D5003D43FC /* RXSwiftTests.xctest */,
				6580464A21D377D5003D43FC /* RXSwiftUITests.xctest */,
			);
			name = Products;
			sourceTree = "<group>";
		};
		6580462D21D377D3003D43FC /* RXSwift */ = {
			isa = PBXGroup;
			children = (
				6580462E21D377D3003D43FC /* AppDelegate.swift */,
				6580463021D377D3003D43FC /* ViewController.swift */,
				6580463221D377D3003D43FC /* Main.storyboard */,
				6580463521D377D4003D43FC /* Assets.xcassets */,
				6580463721D377D4003D43FC /* LaunchScreen.storyboard */,
				6580463A21D377D4003D43FC /* Info.plist */,
			);
			path = RXSwift;
			sourceTree = "<group>";
		};
		6580464221D377D5003D43FC /* RXSwiftTests */ = {
			isa = PBXGroup;
			children = (
				6580464321D377D5003D43FC /* RXSwiftTests.swift */,
				6580464521D377D5003D43FC /* Info.plist */,
			);
			path = RXSwiftTests;
			sourceTree = "<group>";
		};
		6580464D21D377D5003D43FC /* RXSwiftUITests */ = {
			isa = PBXGroup;
			children = (
				6580464E21D377D5003D43FC /* RXSwiftUITests.swift */,
				6580465021D377D5003D43FC /* Info.plist */,
			);
			path = RXSwiftUITests;
			sourceTree = "<group>";
		};
/* End PBXGroup section */

/* Begin PBXNativeTarget section */
		6580462A21D377D3003D43FC /* RXSwift */ = {
			isa = PBXNativeTarget;
			buildConfigurationList = 6580465321D377D5003D43FC /* Build configuration list for PBXNativeTarget "RXSwift" */;
			buildPhases = (
				6580462721D377D3003D43FC /* Sources */,
				6580462821D377D3003D43FC /* Frameworks */,
				6580462921D377D3003D43FC /* Resources */,
			);
			buildRules = (
			);
			dependencies = (
			);
			name = RXSwift;
			productName = RXSwift;
			productReference = 6580462B21D377D3003D43FC /* RXSwift.app */;
			productType = "com.apple.product-type.application";
		};
		6580463E21D377D5003D43FC /* RXSwiftTests */ = {
			isa = PBXNativeTarget;
			buildConfigurationList = 6580465621D377D5003D43FC /* Build configuration list for PBXNativeTarget "RXSwiftTests" */;
			buildPhases = (
				6580463B21D377D5003D43FC /* Sources */,
				6580463C21D377D5003D43FC /* Frameworks */,
				6580463D21D377D5003D43FC /* Resources */,
			);
			buildRules = (
			);
			dependencies = (
				6580464121D377D5003D43FC /* PBXTargetDependency */,
			);
			name = RXSwiftTests;
			productName = RXSwiftTests;
			productReference = 6580463F21D377D5003D43FC /* RXSwiftTests.xctest */;
			productType = "com.apple.product-type.bundle.unit-test";
		};
		6580464921D377D5003D43FC /* RXSwiftUITests */ = {
			isa = PBXNativeTarget;
			buildConfigurationList = 6580465921D377D5003D43FC /* Build configuration list for PBXNativeTarget "RXSwiftUITests" */;
			buildPhases = (
				6580464621D377D5003D43FC /* Sources */,
				6580464721D377D5003D43FC /* Frameworks */,
				6580464821D377D5003D43FC /* Resources */,
			);
			buildRules = (
			);
			dependencies = (
				6580464C21D377D5003D43FC /* PBXTargetDependency */,
			);
			name = RXSwiftUITests;
			productName = RXSwiftUITests;
			productReference = 6580464A21D377D5003D43FC /* RXSwiftUITests.xctest */;
			productType = "com.apple.product-type.bundle.ui-testing";
		};
/* End PBXNativeTarget section */

/* Begin PBXProject section */
		6580462321D377D3003D43FC /* Project object */ = {
			isa = PBXProject;
			attributes = {
				LastSwiftUpdateCheck = 1010;
				LastUpgradeCheck = 1010;
				ORGANIZATIONNAME = fulihao;
				TargetAttributes = {
					6580462A21D377D3003D43FC = {
						CreatedOnToolsVersion = 10.1;
					};
					6580463E21D377D5003D43FC = {
						CreatedOnToolsVersion = 10.1;
						TestTargetID = 6580462A21D377D3003D43FC;
					};
					6580464921D377D5003D43FC = {
						CreatedOnToolsVersion = 10.1;
						TestTargetID = 6580462A21D377D3003D43FC;
					};
				};
			};
			buildConfigurationList = 6580462621D377D3003D43FC /* Build configuration list for PBXProject "RXSwift" */;
			compatibilityVersion = "Xcode 9.3";
			developmentRegion = en;
			hasScannedForEncodings = 0;
			knownRegions = (
				en,
				Base,
			);
			mainGroup = 6580462221D377D3003D43FC;
			productRefGroup = 6580462C21D377D3003D43FC /* Products */;
			projectDirPath = "";
			projectRoot = "";
			targets = (
				6580462A21D377D3003D43FC /* RXSwift */,
				6580463E21D377D5003D43FC /* RXSwiftTests */,
				6580464921D377D5003D43FC /* RXSwiftUITests */,
			);
		};
/* End PBXProject section */

/* Begin PBXResourcesBuildPhase section */
		6580462921D377D3003D43FC /* Resources */ = {
			isa = PBXResourcesBuildPhase;
			buildActionMask = 2147483647;
			files = (
				6580463921D377D4003D43FC /* LaunchScreen.storyboard in Resources */,
				6580463621D377D4003D43FC /* Assets.xcassets in Resources */,
				6580463421D377D3003D43FC /* Main.storyboard in Resources */,
			);
			runOnlyForDeploymentPostprocessing = 0;
		};
		6580463D21D377D5003D43FC /* Resources */ = {
			isa = PBXResourcesBuildPhase;
			buildActionMask = 2147483647;
			files = (
			);
			runOnlyForDeploymentPostprocessing = 0;
		};
		6580464821D377D5003D43FC /* Resources */ = {
			isa = PBXResourcesBuildPhase;
			buildActionMask = 2147483647;
			files = (
			);
			runOnlyForDeploymentPostprocessing = 0;
		};
/* End PBXResourcesBuildPhase section */

/* Begin PBXSourcesBuildPhase section */
		6580462721D377D3003D43FC /* Sources */ = {
			isa = PBXSourcesBuildPhase;
			buildActionMask = 2147483647;
			files = (
				6580463121D377D3003D43FC /* ViewController.swift in Sources */,
				6580462F21D377D3003D43FC /* AppDelegate.swift in Sources */,
			);
			runOnlyForDeploymentPostprocessing = 0;
		};
		6580463B21D377D5003D43FC /* Sources */ = {
			isa = PBXSourcesBuildPhase;
			buildActionMask = 2147483647;
			files = (
				6580464421D377D5003D43FC /* RXSwiftTests.swift in Sources */,
			);
			runOnlyForDeploymentPostprocessing = 0;
		};
		6580464621D377D5003D43FC /* Sources */ = {
			isa = PBXSourcesBuildPhase;
			buildActionMask = 2147483647;
			files = (
				6580464F21D377D5003D43FC /* RXSwiftUITests.swift in Sources */,
			);
			runOnlyForDeploymentPostprocessing = 0;
		};
/* End PBXSourcesBuildPhase section */

/* Begin PBXTargetDependency section */
		6580464121D377D5003D43FC /* PBXTargetDependency */ = {
			isa = PBXTargetDependency;
			target = 6580462A21D377D3003D43FC /* RXSwift */;
			targetProxy = 6580464021D377D5003D43FC /* PBXContainerItemProxy */;
		};
		6580464C21D377D5003D43FC /* PBXTargetDependency */ = {
			isa = PBXTargetDependency;
			target = 6580462A21D377D3003D43FC /* RXSwift */;
			targetProxy = 6580464B21D377D5003D43FC /* PBXContainerItemProxy */;
		};
/* End PBXTargetDependency section */

/* Begin PBXVariantGroup section */
		6580463221D377D3003D43FC /* Main.storyboard */ = {
			isa = PBXVariantGroup;
			children = (
				6580463321D377D3003D43FC /* Base */,
			);
			name = Main.storyboard;
			sourceTree = "<group>";
		};
		6580463721D377D4003D43FC /* LaunchScreen.storyboard */ = {
			isa = PBXVariantGroup;
			children = (
				6580463821D377D4003D43FC /* Base */,
			);
			name = LaunchScreen.storyboard;
			sourceTree = "<group>";
		};
/* End PBXVariantGroup section */

/* Begin XCBuildConfiguration section */
		6580465121D377D5003D43FC /* Debug */ = {
			isa = XCBuildConfiguration;
			buildSettings = {
				ALWAYS_SEARCH_USER_PATHS = NO;
				CLANG_ANALYZER_NONNULL = YES;
				CLANG_ANALYZER_NUMBER_OBJECT_CONVERSION = YES_AGGRESSIVE;
				CLANG_CXX_LANGUAGE_STANDARD = "gnu++14";
				CLANG_CXX_LIBRARY = "libc++";
				CLANG_ENABLE_MODULES = YES;
				CLANG_ENABLE_OBJC_ARC = YES;
				CLANG_ENABLE_OBJC_WEAK = YES;
				CLANG_WARN_BLOCK_CAPTURE_AUTORELEASING = YES;
				CLANG_WARN_BOOL_CONVERSION = YES;
				CLANG_WARN_COMMA = YES;
				CLANG_WARN_CONSTANT_CONVERSION = YES;
				CLANG_WARN_DEPRECATED_OBJC_IMPLEMENTATIONS = YES;
				CLANG_WARN_DIRECT_OBJC_ISA_USAGE = YES_ERROR;
				CLANG_WARN_DOCUMENTATION_COMMENTS = YES;
				CLANG_WARN_EMPTY_BODY = YES;
				CLANG_WARN_ENUM_CONVERSION = YES;
				CLANG_WARN_INFINITE_RECURSION = YES;
				CLANG_WARN_INT_CONVERSION = YES;
				CLANG_WARN_NON_LITERAL_NULL_CONVERSION = YES;
				CLANG_WARN_OBJC_IMPLICIT_RETAIN_SELF = YES;
				CLANG_WARN_OBJC_LITERAL_CONVERSION = YES;
				CLANG_WARN_OBJC_ROOT_CLASS = YES_ERROR;
				CLANG_WARN_RANGE_LOOP_ANALYSIS = YES;
				CLANG_WARN_STRICT_PROTOTYPES = YES;
				CLANG_WARN_SUSPICIOUS_MOVE = YES;
				CLANG_WARN_UNGUARDED_AVAILABILITY = YES_AGGRESSIVE;
				CLANG_WARN_UNREACHABLE_CODE = YES;
				CLANG_WARN__DUPLICATE_METHOD_MATCH = YES;
				CODE_SIGN_IDENTITY = "iPhone Developer";
				COPY_PHASE_STRIP = NO;
				DEBUG_INFORMATION_FORMAT = dwarf;
				ENABLE_STRICT_OBJC_MSGSEND = YES;
				ENABLE_TESTABILITY = YES;
				GCC_C_LANGUAGE_STANDARD = gnu11;
				GCC_DYNAMIC_NO_PIC = NO;
				GCC_NO_COMMON_BLOCKS = YES;
				GCC_OPTIMIZATION_LEVEL = 0;
				GCC_PREPROCESSOR_DEFINITIONS = (
					"DEBUG=1",
					"$(inherited)",
				);
				GCC_WARN_64_TO_32_BIT_CONVERSION = YES;
				GCC_WARN_ABOUT_RETURN_TYPE = YES_ERROR;
				GCC_WARN_UNDECLARED_SELECTOR = YES;
				GCC_WARN_UNINITIALIZED_AUTOS = YES_AGGRESSIVE;
				GCC_WARN_UNUSED_FUNCTION = YES;
				GCC_WARN_UNUSED_VARIABLE = YES;
				IPHONEOS_DEPLOYMENT_TARGET = 12.1;
				MTL_ENABLE_DEBUG_INFO = INCLUDE_SOURCE;
				MTL_FAST_MATH = YES;
				ONLY_ACTIVE_ARCH = YES;
				SDKROOT = iphoneos;
				SWIFT_ACTIVE_COMPILATION_CONDITIONS = DEBUG;
				SWIFT_OPTIMIZATION_LEVEL = "-Onone";
			};
			name = Debug;
		};
		6580465221D377D5003D43FC /* Release */ = {
			isa = XCBuildConfiguration;
			buildSettings = {
				ALWAYS_SEARCH_USER_PATHS = NO;
				CLANG_ANALYZER_NONNULL = YES;
				CLANG_ANALYZER_NUMBER_OBJECT_CONVERSION = YES_AGGRESSIVE;
				CLANG_CXX_LANGUAGE_STANDARD = "gnu++14";
				CLANG_CXX_LIBRARY = "libc++";
				CLANG_ENABLE_MODULES = YES;
				CLANG_ENABLE_OBJC_ARC = YES;
				CLANG_ENABLE_OBJC_WEAK = YES;
				CLANG_WARN_BLOCK_CAPTURE_AUTORELEASING = YES;
				CLANG_WARN_BOOL_CONVERSION = YES;
				CLANG_WARN_COMMA = YES;
				CLANG_WARN_CONSTANT_CONVERSION = YES;
				CLANG_WARN_DEPRECATED_OBJC_IMPLEMENTATIONS = YES;
				CLANG_WARN_DIRECT_OBJC_ISA_USAGE = YES_ERROR;
				CLANG_WARN_DOCUMENTATION_COMMENTS = YES;
				CLANG_WARN_EMPTY_BODY = YES;
				CLANG_WARN_ENUM_CONVERSION = YES;
				CLANG_WARN_INFINITE_RECURSION = YES;
				CLANG_WARN_INT_CONVERSION = YES;
				CLANG_WARN_NON_LITERAL_NULL_CONVERSION = YES;
				CLANG_WARN_OBJC_IMPLICIT_RETAIN_SELF = YES;
				CLANG_WARN_OBJC_LITERAL_CONVERSION = YES;
				CLANG_WARN_OBJC_ROOT_CLASS = YES_ERROR;
				CLANG_WARN_RANGE_LOOP_ANALYSIS = YES;
				CLANG_WARN_STRICT_PROTOTYPES = YES;
				CLANG_WARN_SUSPICIOUS_MOVE = YES;
				CLANG_WARN_UNGUARDED_AVAILABILITY = YES_AGGRESSIVE;
				CLANG_WARN_UNREACHABLE_CODE = YES;
				CLANG_WARN__DUPLICATE_METHOD_MATCH = YES;
				CODE_SIGN_IDENTITY = "iPhone Developer";
				COPY_PHASE_STRIP = NO;
				DEBUG_INFORMATION_FORMAT = "dwarf-with-dsym";
				ENABLE_NS_ASSERTIONS = NO;
				ENABLE_STRICT_OBJC_MSGSEND = YES;
				GCC_C_LANGUAGE_STANDARD = gnu11;
				GCC_NO_COMMON_BLOCKS = YES;
				GCC_WARN_64_TO_32_BIT_CONVERSION = YES;
				GCC_WARN_ABOUT_RETURN_TYPE = YES_ERROR;
				GCC_WARN_UNDECLARED_SELECTOR = YES;
				GCC_WARN_UNINITIALIZED_AUTOS = YES_AGGRESSIVE;
				GCC_WARN_UNUSED_FUNCTION = YES;
				GCC_WARN_UNUSED_VARIABLE = YES;
				IPHONEOS_DEPLOYMENT_TARGET = 12.1;
				MTL_ENABLE_DEBUG_INFO = NO;
				MTL_FAST_MATH = YES;
				SDKROOT = iphoneos;
				SWIFT_COMPILATION_MODE = wholemodule;
				SWIFT_OPTIMIZATION_LEVEL = "-O";
				VALIDATE_PRODUCT = YES;
			};
			name = Release;
		};
		6580465421D377D5003D43FC /* Debug */ = {
			isa = XCBuildConfiguration;
			buildSettings = {
				ASSETCATALOG_COMPILER_APPICON_NAME = AppIcon;
				CODE_SIGN_STYLE = Automatic;
				INFOPLIST_FILE = RXSwift/Info.plist;
				LD_RUNPATH_SEARCH_PATHS = (
					"$(inherited)",
					"@executable_path/Frameworks",
				);
				PRODUCT_BUNDLE_IDENTIFIER = com.goldenluch.sports.RXSwift;
				PRODUCT_NAME = "$(TARGET_NAME)";
				SWIFT_VERSION = 4.2;
				TARGETED_DEVICE_FAMILY = "1,2";
			};
			name = Debug;
		};
		6580465521D377D5003D43FC /* Release */ = {
			isa = XCBuildConfiguration;
			buildSettings = {
				ASSETCATALOG_COMPILER_APPICON_NAME = AppIcon;
				CODE_SIGN_STYLE = Automatic;
				INFOPLIST_FILE = RXSwift/Info.plist;
				LD_RUNPATH_SEARCH_PATHS = (
					"$(inherited)",
					"@executable_path/Frameworks",
				);
				PRODUCT_BUNDLE_IDENTIFIER = com.goldenluch.sports.RXSwift;
				PRODUCT_NAME = "$(TARGET_NAME)";
				SWIFT_VERSION = 4.2;
				TARGETED_DEVICE_FAMILY = "1,2";
			};
			name = Release;
		};
		6580465721D377D5003D43FC /* Debug */ = {
			isa = XCBuildConfiguration;
			buildSettings = {
				ALWAYS_EMBED_SWIFT_STANDARD_LIBRARIES = YES;
				BUNDLE_LOADER = "$(TEST_HOST)";
				CODE_SIGN_STYLE = Automatic;
				INFOPLIST_FILE = RXSwiftTests/Info.plist;
				LD_RUNPATH_SEARCH_PATHS = (
					"$(inherited)",
					"@executable_path/Frameworks",
					"@loader_path/Frameworks",
				);
				PRODUCT_BUNDLE_IDENTIFIER = com.goldenluch.sports.RXSwiftTests;
				PRODUCT_NAME = "$(TARGET_NAME)";
				SWIFT_VERSION = 4.2;
				TARGETED_DEVICE_FAMILY = "1,2";
				TEST_HOST = "$(BUILT_PRODUCTS_DIR)/RXSwift.app/RXSwift";
			};
			name = Debug;
		};
		6580465821D377D5003D43FC /* Release */ = {
			isa = XCBuildConfiguration;
			buildSettings = {
				ALWAYS_EMBED_SWIFT_STANDARD_LIBRARIES = YES;
				BUNDLE_LOADER = "$(TEST_HOST)";
				CODE_SIGN_STYLE = Automatic;
				INFOPLIST_FILE = RXSwiftTests/Info.plist;
				LD_RUNPATH_SEARCH_PATHS = (
					"$(inherited)",
					"@executable_path/Frameworks",
					"@loader_path/Frameworks",
				);
				PRODUCT_BUNDLE_IDENTIFIER = com.goldenluch.sports.RXSwiftTests;
				PRODUCT_NAME = "$(TARGET_NAME)";
				SWIFT_VERSION = 4.2;
				TARGETED_DEVICE_FAMILY = "1,2";
				TEST_HOST = "$(BUILT_PRODUCTS_DIR)/RXSwift.app/RXSwift";
			};
			name = Release;
		};
		6580465A21D377D5003D43FC /* Debug */ = {
			isa = XCBuildConfiguration;
			buildSettings = {
				ALWAYS_EMBED_SWIFT_STANDARD_LIBRARIES = YES;
				CODE_SIGN_STYLE = Automatic;
				INFOPLIST_FILE = RXSwiftUITests/Info.plist;
				LD_RUNPATH_SEARCH_PATHS = (
					"$(inherited)",
					"@executable_path/Frameworks",
					"@loader_path/Frameworks",
				);
				PRODUCT_BUNDLE_IDENTIFIER = com.goldenluch.sports.RXSwiftUITests;
				PRODUCT_NAME = "$(TARGET_NAME)";
				SWIFT_VERSION = 4.2;
				TARGETED_DEVICE_FAMILY = "1,2";
				TEST_TARGET_NAME = RXSwift;
			};
			name = Debug;
		};
		6580465B21D377D5003D43FC /* Release */ = {
			isa = XCBuildConfiguration;
			buildSettings = {
				ALWAYS_EMBED_SWIFT_STANDARD_LIBRARIES = YES;
				CODE_SIGN_STYLE = Automatic;
				INFOPLIST_FILE = RXSwiftUITests/Info.plist;
				LD_RUNPATH_SEARCH_PATHS = (
					"$(inherited)",
					"@executable_path/Frameworks",
					"@loader_path/Frameworks",
				);
				PRODUCT_BUNDLE_IDENTIFIER = com.goldenluch.sports.RXSwiftUITests;
				PRODUCT_NAME = "$(TARGET_NAME)";
				SWIFT_VERSION = 4.2;
				TARGETED_DEVICE_FAMILY = "1,2";
				TEST_TARGET_NAME = RXSwift;
			};
			name = Release;
		};
/* End XCBuildConfiguration section */

/* Begin XCConfigurationList section */
		6580462621D377D3003D43FC /* Build configuration list for PBXProject "RXSwift" */ = {
			isa = XCConfigurationList;
			buildConfigurations = (
				6580465121D377D5003D43FC /* Debug */,
				6580465221D377D5003D43FC /* Release */,
			);
			defaultConfigurationIsVisible = 0;
			defaultConfigurationName = Release;
		};
		6580465321D377D5003D43FC /* Build configuration list for PBXNativeTarget "RXSwift" */ = {
			isa = XCConfigurationList;
			buildConfigurations = (
				6580465421D377D5003D43FC /* Debug */,
				6580465521D377D5003D43FC /* Release */,
			);
			defaultConfigurationIsVisible = 0;
			defaultConfigurationName = Release;
		};
		6580465621D377D5003D43FC /* Build configuration list for PBXNativeTarget "RXSwiftTests" */ = {
			isa = XCConfigurationList;
			buildConfigurations = (
				6580465721D377D5003D43FC /* Debug */,
				6580465821D377D5003D43FC /* Release */,
			);
			defaultConfigurationIsVisible = 0;
			defaultConfigurationName = Release;
		};
		6580465921D377D5003D43FC /* Build configuration list for PBXNativeTarget "RXSwiftUITests" */ = {
			isa = XCConfigurationList;
			buildConfigurations = (
				6580465A21D377D5003D43FC /* Debug */,
				6580465B21D377D5003D43FC /* Release */,
			);
			defaultConfigurationIsVisible = 0;
			defaultConfigurationName = Release;
		};
/* End XCConfigurationList section */
	};
	rootObject = 6580462321D377D3003D43FC /* Project object */;
}
